// !$*UTF8*$!
{
	archiveVersion = 1;
	classes = {
	};
	objectVersion = 50;
	objects = {

/* Begin PBXBuildFile section */
		182A7FE0209031A6009B244B /* AppDelegate.m in Sources */ = {isa = PBXBuildFile; fileRef = 182A7FDF209031A6009B244B /* AppDelegate.m */; };
		182A7FE8209031A7009B244B /* Assets.xcassets in Resources */ = {isa = PBXBuildFile; fileRef = 182A7FE7209031A7009B244B /* Assets.xcassets */; };
		182A7FEE209031A7009B244B /* main.m in Sources */ = {isa = PBXBuildFile; fileRef = 182A7FED209031A7009B244B /* main.m */; };
		182A7FF8209031A7009B244B /* SQAPPSTARTTests.m in Sources */ = {isa = PBXBuildFile; fileRef = 182A7FF7209031A7009B244B /* SQAPPSTARTTests.m */; };
		182A8003209031A7009B244B /* SQAPPSTARTUITests.m in Sources */ = {isa = PBXBuildFile; fileRef = 182A8002209031A7009B244B /* SQAPPSTARTUITests.m */; };
		182A802420903719009B244B /* Default-568h@2x.png in Resources */ = {isa = PBXBuildFile; fileRef = 182A802320903718009B244B /* Default-568h@2x.png */; };
		182A8035209052FB009B244B /* TAAbstractDotView.m in Sources */ = {isa = PBXBuildFile; fileRef = 182A8028209052FB009B244B /* TAAbstractDotView.m */; };
		182A8036209052FB009B244B /* TAAnimatedDotView.m in Sources */ = {isa = PBXBuildFile; fileRef = 182A802A209052FB009B244B /* TAAnimatedDotView.m */; };
		182A8037209052FB009B244B /* TADotView.m in Sources */ = {isa = PBXBuildFile; fileRef = 182A802C209052FB009B244B /* TADotView.m */; };
		182A8038209052FB009B244B /* TAPageControl.m in Sources */ = {isa = PBXBuildFile; fileRef = 182A802E209052FB009B244B /* TAPageControl.m */; };
		182A8039209052FB009B244B /* SDCollectionViewCell.m in Sources */ = {isa = PBXBuildFile; fileRef = 182A8030209052FB009B244B /* SDCollectionViewCell.m */; };
		182A803A209052FB009B244B /* SDCycleScrollView.m in Sources */ = {isa = PBXBuildFile; fileRef = 182A8032209052FB009B244B /* SDCycleScrollView.m */; };
		182A803B209052FB009B244B /* UIView+SDExtension.m in Sources */ = {isa = PBXBuildFile; fileRef = 182A8034209052FB009B244B /* UIView+SDExtension.m */; };
		182A803E20905957009B244B /* UINavigationController+FDFullscreenPopGesture.m in Sources */ = {isa = PBXBuildFile; fileRef = 182A803D20905957009B244B /* UINavigationController+FDFullscreenPopGesture.m */; };
		182A804120905977009B244B /* SQBaseViewController.m in Sources */ = {isa = PBXBuildFile; fileRef = 182A804020905977009B244B /* SQBaseViewController.m */; };
		182A804420905AC7009B244B /* SQBaseTableViewController.m in Sources */ = {isa = PBXBuildFile; fileRef = 182A804320905AC7009B244B /* SQBaseTableViewController.m */; };
		182A804720905B2F009B244B /* SQBaseWebViewController.m in Sources */ = {isa = PBXBuildFile; fileRef = 182A804620905B2F009B244B /* SQBaseWebViewController.m */; };
		182A805020906B58009B244B /* SQIphonePx.m in Sources */ = {isa = PBXBuildFile; fileRef = 182A804F20906B58009B244B /* SQIphonePx.m */; };
		182A805320906F07009B244B /* UIColor+Extension.m in Sources */ = {isa = PBXBuildFile; fileRef = 182A805220906F07009B244B /* UIColor+Extension.m */; };
		182A8056209074DC009B244B /* SQBaseModel.m in Sources */ = {isa = PBXBuildFile; fileRef = 182A8055209074DC009B244B /* SQBaseModel.m */; };
		182A80592090775D009B244B /* NSString+SQUrlAnaly.m in Sources */ = {isa = PBXBuildFile; fileRef = 182A80582090775D009B244B /* NSString+SQUrlAnaly.m */; };
		182A805C20907804009B244B /* NSString+SQSubString.m in Sources */ = {isa = PBXBuildFile; fileRef = 182A805B20907804009B244B /* NSString+SQSubString.m */; };
		182A805F2090785B009B244B /* NSString+SQTimeStamp.m in Sources */ = {isa = PBXBuildFile; fileRef = 182A805E2090785B009B244B /* NSString+SQTimeStamp.m */; };
		182A806220907916009B244B /* NSString+SQSizeOfString.m in Sources */ = {isa = PBXBuildFile; fileRef = 182A806120907916009B244B /* NSString+SQSizeOfString.m */; };
		182A8065209079B3009B244B /* NSString+SQCheckString.m in Sources */ = {isa = PBXBuildFile; fileRef = 182A8064209079B3009B244B /* NSString+SQCheckString.m */; };
		182A806820907A87009B244B /* UIImage+SQExtension.m in Sources */ = {isa = PBXBuildFile; fileRef = 182A806720907A87009B244B /* UIImage+SQExtension.m */; };
		182A806B20907BC0009B244B /* UIImageView+SQExtension_m.m in Sources */ = {isa = PBXBuildFile; fileRef = 182A806A20907BC0009B244B /* UIImageView+SQExtension_m.m */; };
		182A806E20907D83009B244B /* UIView+SQExtension.m in Sources */ = {isa = PBXBuildFile; fileRef = 182A806D20907D83009B244B /* UIView+SQExtension.m */; };
		182A807120907E84009B244B /* UILabel+SQExtension.m in Sources */ = {isa = PBXBuildFile; fileRef = 182A807020907E84009B244B /* UILabel+SQExtension.m */; };
		182A807420907F72009B244B /* UITabBar+SQExtension.m in Sources */ = {isa = PBXBuildFile; fileRef = 182A807320907F72009B244B /* UITabBar+SQExtension.m */; };
		182A80772090801B009B244B /* UIButton+SQExtension.m in Sources */ = {isa = PBXBuildFile; fileRef = 182A80762090801B009B244B /* UIButton+SQExtension.m */; };
		182A807A209081BA009B244B /* UIBarButtonItem+SQExtension.m in Sources */ = {isa = PBXBuildFile; fileRef = 182A8079209081BA009B244B /* UIBarButtonItem+SQExtension.m */; };
		182A807D209082DE009B244B /* SQDataCache.m in Sources */ = {isa = PBXBuildFile; fileRef = 182A807C209082DE009B244B /* SQDataCache.m */; };
		182A80802090841A009B244B /* SQGetNowDate.m in Sources */ = {isa = PBXBuildFile; fileRef = 182A807F2090841A009B244B /* SQGetNowDate.m */; };
		182A8083209084D0009B244B /* UITableView+SQAddHeadTip.m in Sources */ = {isa = PBXBuildFile; fileRef = 182A8082209084D0009B244B /* UITableView+SQAddHeadTip.m */; };
		182A8086209087B8009B244B /* SQTimeDelay.m in Sources */ = {isa = PBXBuildFile; fileRef = 182A8085209087B8009B244B /* SQTimeDelay.m */; };
		182A80892090896B009B244B /* SQStartManager.m in Sources */ = {isa = PBXBuildFile; fileRef = 182A80882090896B009B244B /* SQStartManager.m */; };
		996360B8AA029987D621F671 /* libPods-SQAPPSTART.a in Frameworks */ = {isa = PBXBuildFile; fileRef = FC21D2D5666D757136004434 /* libPods-SQAPPSTART.a */; };
		C6A8B5162236968000F5DC8B /* SQHomeDataSouceModel.m in Sources */ = {isa = PBXBuildFile; fileRef = C6A8B5152236968000F5DC8B /* SQHomeDataSouceModel.m */; };
		C6D441522233E41C00DC383C /* SQHomeTopInfosView.m in Sources */ = {isa = PBXBuildFile; fileRef = C6D441512233E41C00DC383C /* SQHomeTopInfosView.m */; };
		C6D441552234147900DC383C /* SQHomeBottomDealView.m in Sources */ = {isa = PBXBuildFile; fileRef = C6D441542234147900DC383C /* SQHomeBottomDealView.m */; };
		E90BBDDB209C04C2006DCB7B /* SQBaseTableViewCell.m in Sources */ = {isa = PBXBuildFile; fileRef = E90BBDDA209C04C2006DCB7B /* SQBaseTableViewCell.m */; };
		E90BBDDE209C04F9006DCB7B /* SQBaseHeaderFooterView.m in Sources */ = {isa = PBXBuildFile; fileRef = E90BBDDD209C04F9006DCB7B /* SQBaseHeaderFooterView.m */; };
		E90BBDE1209C0533006DCB7B /* SQBaseImageView.m in Sources */ = {isa = PBXBuildFile; fileRef = E90BBDE0209C0533006DCB7B /* SQBaseImageView.m */; };
		E90BBDE4209C05A2006DCB7B /* SQBaseTableView.m in Sources */ = {isa = PBXBuildFile; fileRef = E90BBDE3209C05A2006DCB7B /* SQBaseTableView.m */; };
		E90BBDE7209C07D8006DCB7B /* SQRequest.m in Sources */ = {isa = PBXBuildFile; fileRef = E90BBDE6209C07D8006DCB7B /* SQRequest.m */; };
		E90BBDF1209C086D006DCB7B /* SQRootNavigationVC.m in Sources */ = {isa = PBXBuildFile; fileRef = E90BBDF0209C086D006DCB7B /* SQRootNavigationVC.m */; };
		E9340E3722362EAB0065F37C /* ABKLineViewModel.m in Sources */ = {isa = PBXBuildFile; fileRef = E9340E3622362EAB0065F37C /* ABKLineViewModel.m */; };
		E9340E3A22363CC20065F37C /* ABKInfoWindowWhenPress.m in Sources */ = {isa = PBXBuildFile; fileRef = E9340E3922363CC20065F37C /* ABKInfoWindowWhenPress.m */; };
		E9340E3D2236433D0065F37C /* SQTransformTime.m in Sources */ = {isa = PBXBuildFile; fileRef = E9340E3C2236433D0065F37C /* SQTransformTime.m */; };
		E9340E402237409E0065F37C /* YGStartPageView.m in Sources */ = {isa = PBXBuildFile; fileRef = E9340E3E2237409E0065F37C /* YGStartPageView.m */; };
		E9340E43223745AA0065F37C /* UIView+SQFrame.m in Sources */ = {isa = PBXBuildFile; fileRef = E9340E42223745AA0065F37C /* UIView+SQFrame.m */; };
		E9340E48223749800065F37C /* SQLoginViewController.m in Sources */ = {isa = PBXBuildFile; fileRef = E9340E47223749800065F37C /* SQLoginViewController.m */; };
		E9340E4B22374A6E0065F37C /* SQLoginModel.m in Sources */ = {isa = PBXBuildFile; fileRef = E9340E4A22374A6E0065F37C /* SQLoginModel.m */; };
		E9340E4E22374B4A0065F37C /* SQLoginView.m in Sources */ = {isa = PBXBuildFile; fileRef = E9340E4D22374B4A0065F37C /* SQLoginView.m */; };
		E9340E5122374C850065F37C /* WKInputFiledLimitUtils.m in Sources */ = {isa = PBXBuildFile; fileRef = E9340E4F22374C840065F37C /* WKInputFiledLimitUtils.m */; };
		E991867422324BB6009650F7 /* Y_StockChartGlobalVariable.m in Sources */ = {isa = PBXBuildFile; fileRef = E991863022324BB5009650F7 /* Y_StockChartGlobalVariable.m */; };
		E991867522324BB6009650F7 /* UIColor+Y_StockChart.m in Sources */ = {isa = PBXBuildFile; fileRef = E991863522324BB5009650F7 /* UIColor+Y_StockChart.m */; };
		E991867622324BB6009650F7 /* Y_LayoutViewUtil.m in Sources */ = {isa = PBXBuildFile; fileRef = E991863722324BB5009650F7 /* Y_LayoutViewUtil.m */; };
		E991867722324BB6009650F7 /* Y_BaseLine.m in Sources */ = {isa = PBXBuildFile; fileRef = E991863822324BB5009650F7 /* Y_BaseLine.m */; };
		E991867822324BB6009650F7 /* Y_Extreme.m in Sources */ = {isa = PBXBuildFile; fileRef = E991863C22324BB5009650F7 /* Y_Extreme.m */; };
		E991867922324BB6009650F7 /* Y_MALine.m in Sources */ = {isa = PBXBuildFile; fileRef = E991864222324BB5009650F7 /* Y_MALine.m */; };
		E991867A22324BB6009650F7 /* Y_TimeLine.m in Sources */ = {isa = PBXBuildFile; fileRef = E991864322324BB5009650F7 /* Y_TimeLine.m */; };
		E991867B22324BB6009650F7 /* Y_KLine.m in Sources */ = {isa = PBXBuildFile; fileRef = E991864422324BB5009650F7 /* Y_KLine.m */; };
		E991867C22324BB6009650F7 /* Y_BrokenLine.m in Sources */ = {isa = PBXBuildFile; fileRef = E991864522324BB5009650F7 /* Y_BrokenLine.m */; };
		E991867D22324BB6009650F7 /* Y_KLineAccessory.m in Sources */ = {isa = PBXBuildFile; fileRef = E991864822324BB5009650F7 /* Y_KLineAccessory.m */; };
		E991867E22324BB6009650F7 /* UIFont+Y_StockChart.m in Sources */ = {isa = PBXBuildFile; fileRef = E991864B22324BB5009650F7 /* UIFont+Y_StockChart.m */; };
		E991867F22324BB6009650F7 /* NSString+Y_StockChart.m in Sources */ = {isa = PBXBuildFile; fileRef = E991864C22324BB5009650F7 /* NSString+Y_StockChart.m */; };
		E991868022324BB6009650F7 /* Y_ChartView.m in Sources */ = {isa = PBXBuildFile; fileRef = E991864E22324BB5009650F7 /* Y_ChartView.m */; };
		E991868122324BB6009650F7 /* Y_KLinePositionModel.m in Sources */ = {isa = PBXBuildFile; fileRef = E991865022324BB5009650F7 /* Y_KLinePositionModel.m */; };
		E991868222324BB6009650F7 /* Y_KLineModel.m in Sources */ = {isa = PBXBuildFile; fileRef = E991865522324BB5009650F7 /* Y_KLineModel.m */; };
		E991868322324BB6009650F7 /* Y_KLineGroupModel.m in Sources */ = {isa = PBXBuildFile; fileRef = E991865622324BB5009650F7 /* Y_KLineGroupModel.m */; };
		E991868422324BB6009650F7 /* Y_KLineVolumePositionModel.m in Sources */ = {isa = PBXBuildFile; fileRef = E991865722324BB5009650F7 /* Y_KLineVolumePositionModel.m */; };
		E991868522324BB6009650F7 /* Y_YAxisView.m in Sources */ = {isa = PBXBuildFile; fileRef = E991865A22324BB5009650F7 /* Y_YAxisView.m */; };
		E991868622324BB6009650F7 /* Y_AccessoryView.m in Sources */ = {isa = PBXBuildFile; fileRef = E991865C22324BB5009650F7 /* Y_AccessoryView.m */; };
		E991868722324BB6009650F7 /* Y_AccessoryInfoView.m in Sources */ = {isa = PBXBuildFile; fileRef = E991865F22324BB5009650F7 /* Y_AccessoryInfoView.m */; };
		E991868822324BB6009650F7 /* Y_KLineMainView.m in Sources */ = {isa = PBXBuildFile; fileRef = E991866122324BB5009650F7 /* Y_KLineMainView.m */; };
		E991868922324BB6009650F7 /* DepthPriceView.m in Sources */ = {isa = PBXBuildFile; fileRef = E991866722324BB5009650F7 /* DepthPriceView.m */; };
		E991868A22324BB6009650F7 /* DepthLongPressView.m in Sources */ = {isa = PBXBuildFile; fileRef = E991866822324BB5009650F7 /* DepthLongPressView.m */; };
		E991868B22324BB6009650F7 /* DepthModel.m in Sources */ = {isa = PBXBuildFile; fileRef = E991866C22324BB5009650F7 /* DepthModel.m */; };
		E991868C22324BB6009650F7 /* DepthGroupModel.m in Sources */ = {isa = PBXBuildFile; fileRef = E991866D22324BB5009650F7 /* DepthGroupModel.m */; };
		E991868D22324BB6009650F7 /* NSNumber+Y_ChartView.m in Sources */ = {isa = PBXBuildFile; fileRef = E991866E22324BB5009650F7 /* NSNumber+Y_ChartView.m */; };
		E991868E22324BB6009650F7 /* DepthView.m in Sources */ = {isa = PBXBuildFile; fileRef = E991867122324BB5009650F7 /* DepthView.m */; };
		E991868F22324BB6009650F7 /* DepthChartView.m in Sources */ = {isa = PBXBuildFile; fileRef = E991867222324BB5009650F7 /* DepthChartView.m */; };
		E991869022324BB6009650F7 /* DepthAmountView.m in Sources */ = {isa = PBXBuildFile; fileRef = E991867322324BB5009650F7 /* DepthAmountView.m */; };
		E991869722325211009650F7 /* ABDepthAsksData.json in Resources */ = {isa = PBXBuildFile; fileRef = E991869222325210009650F7 /* ABDepthAsksData.json */; };
		E991869822325211009650F7 /* ABKLineViewController.m in Sources */ = {isa = PBXBuildFile; fileRef = E991869322325210009650F7 /* ABKLineViewController.m */; };
		E991869922325211009650F7 /* ABDataSourceManager.m in Sources */ = {isa = PBXBuildFile; fileRef = E991869422325210009650F7 /* ABDataSourceManager.m */; };
		E991869A22325211009650F7 /* ABDepthBidsData.json in Resources */ = {isa = PBXBuildFile; fileRef = E991869522325210009650F7 /* ABDepthBidsData.json */; };
		E991869F22325217009650F7 /* ABDepthViewController.m in Sources */ = {isa = PBXBuildFile; fileRef = E991869C22325217009650F7 /* ABDepthViewController.m */; };
		E99186A022325217009650F7 /* ABKLineData.json in Resources */ = {isa = PBXBuildFile; fileRef = E991869E22325217009650F7 /* ABKLineData.json */; };
		E99186A42232590F009650F7 /* Y_StockChartSegmentView.m in Sources */ = {isa = PBXBuildFile; fileRef = E99186A32232590F009650F7 /* Y_StockChartSegmentView.m */; };
		E99DE11620AACAA8009CEF88 /* SQRootTabBarControl.m in Sources */ = {isa = PBXBuildFile; fileRef = E99DE11520AACAA8009CEF88 /* SQRootTabBarControl.m */; };
		E99DE11B20AACE69009CEF88 /* SQHomeViewController.m in Sources */ = {isa = PBXBuildFile; fileRef = E99DE11A20AACE69009CEF88 /* SQHomeViewController.m */; };
		E99DE22320B58938009CEF88 /* SQBaseCollectionViewCell.m in Sources */ = {isa = PBXBuildFile; fileRef = E99DE22020B58938009CEF88 /* SQBaseCollectionViewCell.m */; };
		E99DE22420B58938009CEF88 /* SQBaseCollectionView.m in Sources */ = {isa = PBXBuildFile; fileRef = E99DE22220B58938009CEF88 /* SQBaseCollectionView.m */; };
		E9EB2BDD2230C1F300F7F152 /* NetWorking.m in Sources */ = {isa = PBXBuildFile; fileRef = E9EB2BC72230C1F300F7F152 /* NetWorking.m */; };
/* End PBXBuildFile section */

/* Begin PBXContainerItemProxy section */
		182A7FF4209031A7009B244B /* PBXContainerItemProxy */ = {
			isa = PBXContainerItemProxy;
			containerPortal = 182A7FD3209031A6009B244B /* Project object */;
			proxyType = 1;
			remoteGlobalIDString = 182A7FDA209031A6009B244B;
			remoteInfo = SQAPPSTART;
		};
		182A7FFF209031A7009B244B /* PBXContainerItemProxy */ = {
			isa = PBXContainerItemProxy;
			containerPortal = 182A7FD3209031A6009B244B /* Project object */;
			proxyType = 1;
			remoteGlobalIDString = 182A7FDA209031A6009B244B;
			remoteInfo = SQAPPSTART;
		};
/* End PBXContainerItemProxy section */

/* Begin PBXFileReference section */
		182A7FDB209031A6009B244B /* SQAPPSTART.app */ = {isa = PBXFileReference; explicitFileType = wrapper.application; includeInIndex = 0; path = SQAPPSTART.app; sourceTree = BUILT_PRODUCTS_DIR; };
		182A7FDE209031A6009B244B /* AppDelegate.h */ = {isa = PBXFileReference; lastKnownFileType = sourcecode.c.h; path = AppDelegate.h; sourceTree = "<group>"; };
		182A7FDF209031A6009B244B /* AppDelegate.m */ = {isa = PBXFileReference; lastKnownFileType = sourcecode.c.objc; path = AppDelegate.m; sourceTree = "<group>"; };
		182A7FE7209031A7009B244B /* Assets.xcassets */ = {isa = PBXFileReference; lastKnownFileType = folder.assetcatalog; path = Assets.xcassets; sourceTree = "<group>"; };
		182A7FEC209031A7009B244B /* Info.plist */ = {isa = PBXFileReference; lastKnownFileType = text.plist.xml; path = Info.plist; sourceTree = "<group>"; };
		182A7FED209031A7009B244B /* main.m */ = {isa = PBXFileReference; lastKnownFileType = sourcecode.c.objc; path = main.m; sourceTree = "<group>"; };
		182A7FF3209031A7009B244B /* SQAPPSTARTTests.xctest */ = {isa = PBXFileReference; explicitFileType = wrapper.cfbundle; includeInIndex = 0; path = SQAPPSTARTTests.xctest; sourceTree = BUILT_PRODUCTS_DIR; };
		182A7FF7209031A7009B244B /* SQAPPSTARTTests.m */ = {isa = PBXFileReference; lastKnownFileType = sourcecode.c.objc; path = SQAPPSTARTTests.m; sourceTree = "<group>"; };
		182A7FF9209031A7009B244B /* Info.plist */ = {isa = PBXFileReference; lastKnownFileType = text.plist.xml; path = Info.plist; sourceTree = "<group>"; };
		182A7FFE209031A7009B244B /* SQAPPSTARTUITests.xctest */ = {isa = PBXFileReference; explicitFileType = wrapper.cfbundle; includeInIndex = 0; path = SQAPPSTARTUITests.xctest; sourceTree = BUILT_PRODUCTS_DIR; };
		182A8002209031A7009B244B /* SQAPPSTARTUITests.m */ = {isa = PBXFileReference; lastKnownFileType = sourcecode.c.objc; path = SQAPPSTARTUITests.m; sourceTree = "<group>"; };
		182A8004209031A7009B244B /* Info.plist */ = {isa = PBXFileReference; lastKnownFileType = text.plist.xml; path = Info.plist; sourceTree = "<group>"; };
		182A802320903718009B244B /* Default-568h@2x.png */ = {isa = PBXFileReference; lastKnownFileType = image.png; path = "Default-568h@2x.png"; sourceTree = "<group>"; };
		182A8027209052FB009B244B /* TAAbstractDotView.h */ = {isa = PBXFileReference; fileEncoding = 4; lastKnownFileType = sourcecode.c.h; path = TAAbstractDotView.h; sourceTree = "<group>"; };
		182A8028209052FB009B244B /* TAAbstractDotView.m */ = {isa = PBXFileReference; fileEncoding = 4; lastKnownFileType = sourcecode.c.objc; path = TAAbstractDotView.m; sourceTree = "<group>"; };
		182A8029209052FB009B244B /* TAAnimatedDotView.h */ = {isa = PBXFileReference; fileEncoding = 4; lastKnownFileType = sourcecode.c.h; path = TAAnimatedDotView.h; sourceTree = "<group>"; };
		182A802A209052FB009B244B /* TAAnimatedDotView.m */ = {isa = PBXFileReference; fileEncoding = 4; lastKnownFileType = sourcecode.c.objc; path = TAAnimatedDotView.m; sourceTree = "<group>"; };
		182A802B209052FB009B244B /* TADotView.h */ = {isa = PBXFileReference; fileEncoding = 4; lastKnownFileType = sourcecode.c.h; path = TADotView.h; sourceTree = "<group>"; };
		182A802C209052FB009B244B /* TADotView.m */ = {isa = PBXFileReference; fileEncoding = 4; lastKnownFileType = sourcecode.c.objc; path = TADotView.m; sourceTree = "<group>"; };
		182A802D209052FB009B244B /* TAPageControl.h */ = {isa = PBXFileReference; fileEncoding = 4; lastKnownFileType = sourcecode.c.h; path = TAPageControl.h; sourceTree = "<group>"; };
		182A802E209052FB009B244B /* TAPageControl.m */ = {isa = PBXFileReference; fileEncoding = 4; lastKnownFileType = sourcecode.c.objc; path = TAPageControl.m; sourceTree = "<group>"; };
		182A802F209052FB009B244B /* SDCollectionViewCell.h */ = {isa = PBXFileReference; fileEncoding = 4; lastKnownFileType = sourcecode.c.h; path = SDCollectionViewCell.h; sourceTree = "<group>"; };
		182A8030209052FB009B244B /* SDCollectionViewCell.m */ = {isa = PBXFileReference; fileEncoding = 4; lastKnownFileType = sourcecode.c.objc; path = SDCollectionViewCell.m; sourceTree = "<group>"; };
		182A8031209052FB009B244B /* SDCycleScrollView.h */ = {isa = PBXFileReference; fileEncoding = 4; lastKnownFileType = sourcecode.c.h; path = SDCycleScrollView.h; sourceTree = "<group>"; };
		182A8032209052FB009B244B /* SDCycleScrollView.m */ = {isa = PBXFileReference; fileEncoding = 4; lastKnownFileType = sourcecode.c.objc; path = SDCycleScrollView.m; sourceTree = "<group>"; };
		182A8033209052FB009B244B /* UIView+SDExtension.h */ = {isa = PBXFileReference; fileEncoding = 4; lastKnownFileType = sourcecode.c.h; path = "UIView+SDExtension.h"; sourceTree = "<group>"; };
		182A8034209052FB009B244B /* UIView+SDExtension.m */ = {isa = PBXFileReference; fileEncoding = 4; lastKnownFileType = sourcecode.c.objc; path = "UIView+SDExtension.m"; sourceTree = "<group>"; };
		182A803C20905956009B244B /* UINavigationController+FDFullscreenPopGesture.h */ = {isa = PBXFileReference; fileEncoding = 4; lastKnownFileType = sourcecode.c.h; path = "UINavigationController+FDFullscreenPopGesture.h"; sourceTree = "<group>"; };
		182A803D20905957009B244B /* UINavigationController+FDFullscreenPopGesture.m */ = {isa = PBXFileReference; fileEncoding = 4; lastKnownFileType = sourcecode.c.objc; path = "UINavigationController+FDFullscreenPopGesture.m"; sourceTree = "<group>"; };
		182A803F20905977009B244B /* SQBaseViewController.h */ = {isa = PBXFileReference; lastKnownFileType = sourcecode.c.h; path = SQBaseViewController.h; sourceTree = "<group>"; };
		182A804020905977009B244B /* SQBaseViewController.m */ = {isa = PBXFileReference; lastKnownFileType = sourcecode.c.objc; path = SQBaseViewController.m; sourceTree = "<group>"; };
		182A804220905AC7009B244B /* SQBaseTableViewController.h */ = {isa = PBXFileReference; lastKnownFileType = sourcecode.c.h; path = SQBaseTableViewController.h; sourceTree = "<group>"; };
		182A804320905AC7009B244B /* SQBaseTableViewController.m */ = {isa = PBXFileReference; lastKnownFileType = sourcecode.c.objc; path = SQBaseTableViewController.m; sourceTree = "<group>"; };
		182A804520905B2F009B244B /* SQBaseWebViewController.h */ = {isa = PBXFileReference; lastKnownFileType = sourcecode.c.h; path = SQBaseWebViewController.h; sourceTree = "<group>"; };
		182A804620905B2F009B244B /* SQBaseWebViewController.m */ = {isa = PBXFileReference; lastKnownFileType = sourcecode.c.objc; path = SQBaseWebViewController.m; sourceTree = "<group>"; };
		182A8048209060B2009B244B /* PrefixHeader.pch */ = {isa = PBXFileReference; lastKnownFileType = sourcecode.c.h; path = PrefixHeader.pch; sourceTree = "<group>"; };
		182A804920906193009B244B /* SQHeaderFile.h */ = {isa = PBXFileReference; lastKnownFileType = sourcecode.c.h; path = SQHeaderFile.h; sourceTree = "<group>"; };
		182A804A209061C9009B244B /* SQConstantFile.h */ = {isa = PBXFileReference; lastKnownFileType = sourcecode.c.h; path = SQConstantFile.h; sourceTree = "<group>"; };
		182A804B20906201009B244B /* SQMacroFile.h */ = {isa = PBXFileReference; lastKnownFileType = sourcecode.c.h; path = SQMacroFile.h; sourceTree = "<group>"; };
		182A804D20906243009B244B /* SQApiUrlFile.h */ = {isa = PBXFileReference; lastKnownFileType = sourcecode.c.h; path = SQApiUrlFile.h; sourceTree = "<group>"; };
		182A804E20906B58009B244B /* SQIphonePx.h */ = {isa = PBXFileReference; lastKnownFileType = sourcecode.c.h; path = SQIphonePx.h; sourceTree = "<group>"; };
		182A804F20906B58009B244B /* SQIphonePx.m */ = {isa = PBXFileReference; lastKnownFileType = sourcecode.c.objc; path = SQIphonePx.m; sourceTree = "<group>"; };
		182A805120906F07009B244B /* UIColor+Extension.h */ = {isa = PBXFileReference; fileEncoding = 4; lastKnownFileType = sourcecode.c.h; path = "UIColor+Extension.h"; sourceTree = "<group>"; };
		182A805220906F07009B244B /* UIColor+Extension.m */ = {isa = PBXFileReference; fileEncoding = 4; lastKnownFileType = sourcecode.c.objc; path = "UIColor+Extension.m"; sourceTree = "<group>"; };
		182A8054209074DC009B244B /* SQBaseModel.h */ = {isa = PBXFileReference; lastKnownFileType = sourcecode.c.h; path = SQBaseModel.h; sourceTree = "<group>"; };
		182A8055209074DC009B244B /* SQBaseModel.m */ = {isa = PBXFileReference; lastKnownFileType = sourcecode.c.objc; path = SQBaseModel.m; sourceTree = "<group>"; };
		182A80572090775D009B244B /* NSString+SQUrlAnaly.h */ = {isa = PBXFileReference; lastKnownFileType = sourcecode.c.h; path = "NSString+SQUrlAnaly.h"; sourceTree = "<group>"; };
		182A80582090775D009B244B /* NSString+SQUrlAnaly.m */ = {isa = PBXFileReference; lastKnownFileType = sourcecode.c.objc; path = "NSString+SQUrlAnaly.m"; sourceTree = "<group>"; };
		182A805A20907804009B244B /* NSString+SQSubString.h */ = {isa = PBXFileReference; lastKnownFileType = sourcecode.c.h; path = "NSString+SQSubString.h"; sourceTree = "<group>"; };
		182A805B20907804009B244B /* NSString+SQSubString.m */ = {isa = PBXFileReference; lastKnownFileType = sourcecode.c.objc; path = "NSString+SQSubString.m"; sourceTree = "<group>"; };
		182A805D2090785B009B244B /* NSString+SQTimeStamp.h */ = {isa = PBXFileReference; lastKnownFileType = sourcecode.c.h; path = "NSString+SQTimeStamp.h"; sourceTree = "<group>"; };
		182A805E2090785B009B244B /* NSString+SQTimeStamp.m */ = {isa = PBXFileReference; lastKnownFileType = sourcecode.c.objc; path = "NSString+SQTimeStamp.m"; sourceTree = "<group>"; };
		182A806020907916009B244B /* NSString+SQSizeOfString.h */ = {isa = PBXFileReference; lastKnownFileType = sourcecode.c.h; path = "NSString+SQSizeOfString.h"; sourceTree = "<group>"; };
		182A806120907916009B244B /* NSString+SQSizeOfString.m */ = {isa = PBXFileReference; lastKnownFileType = sourcecode.c.objc; path = "NSString+SQSizeOfString.m"; sourceTree = "<group>"; };
		182A8063209079B3009B244B /* NSString+SQCheckString.h */ = {isa = PBXFileReference; lastKnownFileType = sourcecode.c.h; path = "NSString+SQCheckString.h"; sourceTree = "<group>"; };
		182A8064209079B3009B244B /* NSString+SQCheckString.m */ = {isa = PBXFileReference; lastKnownFileType = sourcecode.c.objc; path = "NSString+SQCheckString.m"; sourceTree = "<group>"; };
		182A806620907A87009B244B /* UIImage+SQExtension.h */ = {isa = PBXFileReference; lastKnownFileType = sourcecode.c.h; path = "UIImage+SQExtension.h"; sourceTree = "<group>"; };
		182A806720907A87009B244B /* UIImage+SQExtension.m */ = {isa = PBXFileReference; lastKnownFileType = sourcecode.c.objc; path = "UIImage+SQExtension.m"; sourceTree = "<group>"; };
		182A806920907BC0009B244B /* UIImageView+SQExtension_m.h */ = {isa = PBXFileReference; lastKnownFileType = sourcecode.c.h; path = "UIImageView+SQExtension_m.h"; sourceTree = "<group>"; };
		182A806A20907BC0009B244B /* UIImageView+SQExtension_m.m */ = {isa = PBXFileReference; lastKnownFileType = sourcecode.c.objc; path = "UIImageView+SQExtension_m.m"; sourceTree = "<group>"; };
		182A806C20907D83009B244B /* UIView+SQExtension.h */ = {isa = PBXFileReference; lastKnownFileType = sourcecode.c.h; path = "UIView+SQExtension.h"; sourceTree = "<group>"; };
		182A806D20907D83009B244B /* UIView+SQExtension.m */ = {isa = PBXFileReference; lastKnownFileType = sourcecode.c.objc; path = "UIView+SQExtension.m"; sourceTree = "<group>"; };
		182A806F20907E84009B244B /* UILabel+SQExtension.h */ = {isa = PBXFileReference; lastKnownFileType = sourcecode.c.h; path = "UILabel+SQExtension.h"; sourceTree = "<group>"; };
		182A807020907E84009B244B /* UILabel+SQExtension.m */ = {isa = PBXFileReference; lastKnownFileType = sourcecode.c.objc; path = "UILabel+SQExtension.m"; sourceTree = "<group>"; };
		182A807220907F72009B244B /* UITabBar+SQExtension.h */ = {isa = PBXFileReference; lastKnownFileType = sourcecode.c.h; path = "UITabBar+SQExtension.h"; sourceTree = "<group>"; };
		182A807320907F72009B244B /* UITabBar+SQExtension.m */ = {isa = PBXFileReference; lastKnownFileType = sourcecode.c.objc; path = "UITabBar+SQExtension.m"; sourceTree = "<group>"; };
		182A80752090801B009B244B /* UIButton+SQExtension.h */ = {isa = PBXFileReference; lastKnownFileType = sourcecode.c.h; path = "UIButton+SQExtension.h"; sourceTree = "<group>"; };
		182A80762090801B009B244B /* UIButton+SQExtension.m */ = {isa = PBXFileReference; lastKnownFileType = sourcecode.c.objc; path = "UIButton+SQExtension.m"; sourceTree = "<group>"; };
		182A8078209081BA009B244B /* UIBarButtonItem+SQExtension.h */ = {isa = PBXFileReference; lastKnownFileType = sourcecode.c.h; path = "UIBarButtonItem+SQExtension.h"; sourceTree = "<group>"; };
		182A8079209081BA009B244B /* UIBarButtonItem+SQExtension.m */ = {isa = PBXFileReference; lastKnownFileType = sourcecode.c.objc; path = "UIBarButtonItem+SQExtension.m"; sourceTree = "<group>"; };
		182A807B209082DE009B244B /* SQDataCache.h */ = {isa = PBXFileReference; lastKnownFileType = sourcecode.c.h; path = SQDataCache.h; sourceTree = "<group>"; };
		182A807C209082DE009B244B /* SQDataCache.m */ = {isa = PBXFileReference; lastKnownFileType = sourcecode.c.objc; path = SQDataCache.m; sourceTree = "<group>"; };
		182A807E2090841A009B244B /* SQGetNowDate.h */ = {isa = PBXFileReference; lastKnownFileType = sourcecode.c.h; path = SQGetNowDate.h; sourceTree = "<group>"; };
		182A807F2090841A009B244B /* SQGetNowDate.m */ = {isa = PBXFileReference; lastKnownFileType = sourcecode.c.objc; path = SQGetNowDate.m; sourceTree = "<group>"; };
		182A8081209084D0009B244B /* UITableView+SQAddHeadTip.h */ = {isa = PBXFileReference; lastKnownFileType = sourcecode.c.h; path = "UITableView+SQAddHeadTip.h"; sourceTree = "<group>"; };
		182A8082209084D0009B244B /* UITableView+SQAddHeadTip.m */ = {isa = PBXFileReference; lastKnownFileType = sourcecode.c.objc; path = "UITableView+SQAddHeadTip.m"; sourceTree = "<group>"; };
		182A8084209087B8009B244B /* SQTimeDelay.h */ = {isa = PBXFileReference; lastKnownFileType = sourcecode.c.h; path = SQTimeDelay.h; sourceTree = "<group>"; };
		182A8085209087B8009B244B /* SQTimeDelay.m */ = {isa = PBXFileReference; lastKnownFileType = sourcecode.c.objc; path = SQTimeDelay.m; sourceTree = "<group>"; };
		182A80872090896B009B244B /* SQStartManager.h */ = {isa = PBXFileReference; lastKnownFileType = sourcecode.c.h; path = SQStartManager.h; sourceTree = "<group>"; };
		182A80882090896B009B244B /* SQStartManager.m */ = {isa = PBXFileReference; lastKnownFileType = sourcecode.c.objc; path = SQStartManager.m; sourceTree = "<group>"; };
		7F81FF23EACCE665CD687ECC /* Pods-SQAPPSTART.debug.xcconfig */ = {isa = PBXFileReference; includeInIndex = 1; lastKnownFileType = text.xcconfig; name = "Pods-SQAPPSTART.debug.xcconfig"; path = "Pods/Target Support Files/Pods-SQAPPSTART/Pods-SQAPPSTART.debug.xcconfig"; sourceTree = "<group>"; };
		C6A8B5142236968000F5DC8B /* SQHomeDataSouceModel.h */ = {isa = PBXFileReference; lastKnownFileType = sourcecode.c.h; path = SQHomeDataSouceModel.h; sourceTree = "<group>"; };
		C6A8B5152236968000F5DC8B /* SQHomeDataSouceModel.m */ = {isa = PBXFileReference; lastKnownFileType = sourcecode.c.objc; path = SQHomeDataSouceModel.m; sourceTree = "<group>"; };
		C6D441502233E41C00DC383C /* SQHomeTopInfosView.h */ = {isa = PBXFileReference; lastKnownFileType = sourcecode.c.h; path = SQHomeTopInfosView.h; sourceTree = "<group>"; };
		C6D441512233E41C00DC383C /* SQHomeTopInfosView.m */ = {isa = PBXFileReference; lastKnownFileType = sourcecode.c.objc; path = SQHomeTopInfosView.m; sourceTree = "<group>"; };
		C6D441532234147900DC383C /* SQHomeBottomDealView.h */ = {isa = PBXFileReference; lastKnownFileType = sourcecode.c.h; path = SQHomeBottomDealView.h; sourceTree = "<group>"; };
		C6D441542234147900DC383C /* SQHomeBottomDealView.m */ = {isa = PBXFileReference; lastKnownFileType = sourcecode.c.objc; path = SQHomeBottomDealView.m; sourceTree = "<group>"; };
		D1EED8B745BDDA93AD30815D /* Pods-SQAPPSTART.release.xcconfig */ = {isa = PBXFileReference; includeInIndex = 1; lastKnownFileType = text.xcconfig; name = "Pods-SQAPPSTART.release.xcconfig"; path = "Pods/Target Support Files/Pods-SQAPPSTART/Pods-SQAPPSTART.release.xcconfig"; sourceTree = "<group>"; };
		E90BBDD9209C04C2006DCB7B /* SQBaseTableViewCell.h */ = {isa = PBXFileReference; lastKnownFileType = sourcecode.c.h; path = SQBaseTableViewCell.h; sourceTree = "<group>"; };
		E90BBDDA209C04C2006DCB7B /* SQBaseTableViewCell.m */ = {isa = PBXFileReference; lastKnownFileType = sourcecode.c.objc; path = SQBaseTableViewCell.m; sourceTree = "<group>"; };
		E90BBDDC209C04F9006DCB7B /* SQBaseHeaderFooterView.h */ = {isa = PBXFileReference; lastKnownFileType = sourcecode.c.h; path = SQBaseHeaderFooterView.h; sourceTree = "<group>"; };
		E90BBDDD209C04F9006DCB7B /* SQBaseHeaderFooterView.m */ = {isa = PBXFileReference; lastKnownFileType = sourcecode.c.objc; path = SQBaseHeaderFooterView.m; sourceTree = "<group>"; };
		E90BBDDF209C0533006DCB7B /* SQBaseImageView.h */ = {isa = PBXFileReference; lastKnownFileType = sourcecode.c.h; path = SQBaseImageView.h; sourceTree = "<group>"; };
		E90BBDE0209C0533006DCB7B /* SQBaseImageView.m */ = {isa = PBXFileReference; lastKnownFileType = sourcecode.c.objc; path = SQBaseImageView.m; sourceTree = "<group>"; };
		E90BBDE2209C05A2006DCB7B /* SQBaseTableView.h */ = {isa = PBXFileReference; lastKnownFileType = sourcecode.c.h; path = SQBaseTableView.h; sourceTree = "<group>"; };
		E90BBDE3209C05A2006DCB7B /* SQBaseTableView.m */ = {isa = PBXFileReference; lastKnownFileType = sourcecode.c.objc; path = SQBaseTableView.m; sourceTree = "<group>"; };
		E90BBDE5209C07D8006DCB7B /* SQRequest.h */ = {isa = PBXFileReference; lastKnownFileType = sourcecode.c.h; name = SQRequest.h; path = SQAPPSTART/NetWork/SQRequest.h; sourceTree = SOURCE_ROOT; };
		E90BBDE6209C07D8006DCB7B /* SQRequest.m */ = {isa = PBXFileReference; lastKnownFileType = sourcecode.c.objc; name = SQRequest.m; path = SQAPPSTART/NetWork/SQRequest.m; sourceTree = SOURCE_ROOT; };
		E90BBDEF209C086D006DCB7B /* SQRootNavigationVC.h */ = {isa = PBXFileReference; lastKnownFileType = sourcecode.c.h; path = SQRootNavigationVC.h; sourceTree = "<group>"; };
		E90BBDF0209C086D006DCB7B /* SQRootNavigationVC.m */ = {isa = PBXFileReference; lastKnownFileType = sourcecode.c.objc; path = SQRootNavigationVC.m; sourceTree = "<group>"; };
		E9340E3522362EAB0065F37C /* ABKLineViewModel.h */ = {isa = PBXFileReference; lastKnownFileType = sourcecode.c.h; path = ABKLineViewModel.h; sourceTree = "<group>"; };
		E9340E3622362EAB0065F37C /* ABKLineViewModel.m */ = {isa = PBXFileReference; lastKnownFileType = sourcecode.c.objc; path = ABKLineViewModel.m; sourceTree = "<group>"; };
		E9340E3822363CC20065F37C /* ABKInfoWindowWhenPress.h */ = {isa = PBXFileReference; lastKnownFileType = sourcecode.c.h; path = ABKInfoWindowWhenPress.h; sourceTree = "<group>"; };
		E9340E3922363CC20065F37C /* ABKInfoWindowWhenPress.m */ = {isa = PBXFileReference; lastKnownFileType = sourcecode.c.objc; path = ABKInfoWindowWhenPress.m; sourceTree = "<group>"; };
		E9340E3B2236433D0065F37C /* SQTransformTime.h */ = {isa = PBXFileReference; lastKnownFileType = sourcecode.c.h; path = SQTransformTime.h; sourceTree = "<group>"; };
		E9340E3C2236433D0065F37C /* SQTransformTime.m */ = {isa = PBXFileReference; lastKnownFileType = sourcecode.c.objc; path = SQTransformTime.m; sourceTree = "<group>"; };
		E9340E3E2237409E0065F37C /* YGStartPageView.m */ = {isa = PBXFileReference; fileEncoding = 4; lastKnownFileType = sourcecode.c.objc; path = YGStartPageView.m; sourceTree = "<group>"; };
		E9340E3F2237409E0065F37C /* YGStartPageView.h */ = {isa = PBXFileReference; fileEncoding = 4; lastKnownFileType = sourcecode.c.h; path = YGStartPageView.h; sourceTree = "<group>"; };
		E9340E41223745AA0065F37C /* UIView+SQFrame.h */ = {isa = PBXFileReference; lastKnownFileType = sourcecode.c.h; path = "UIView+SQFrame.h"; sourceTree = "<group>"; };
		E9340E42223745AA0065F37C /* UIView+SQFrame.m */ = {isa = PBXFileReference; lastKnownFileType = sourcecode.c.objc; path = "UIView+SQFrame.m"; sourceTree = "<group>"; };
		E9340E46223749800065F37C /* SQLoginViewController.h */ = {isa = PBXFileReference; lastKnownFileType = sourcecode.c.h; path = SQLoginViewController.h; sourceTree = "<group>"; };
		E9340E47223749800065F37C /* SQLoginViewController.m */ = {isa = PBXFileReference; lastKnownFileType = sourcecode.c.objc; path = SQLoginViewController.m; sourceTree = "<group>"; };
		E9340E4922374A6E0065F37C /* SQLoginModel.h */ = {isa = PBXFileReference; lastKnownFileType = sourcecode.c.h; path = SQLoginModel.h; sourceTree = "<group>"; };
		E9340E4A22374A6E0065F37C /* SQLoginModel.m */ = {isa = PBXFileReference; lastKnownFileType = sourcecode.c.objc; path = SQLoginModel.m; sourceTree = "<group>"; };
		E9340E4C22374B4A0065F37C /* SQLoginView.h */ = {isa = PBXFileReference; fileEncoding = 4; lastKnownFileType = sourcecode.c.h; path = SQLoginView.h; sourceTree = "<group>"; };
		E9340E4D22374B4A0065F37C /* SQLoginView.m */ = {isa = PBXFileReference; fileEncoding = 4; lastKnownFileType = sourcecode.c.objc; path = SQLoginView.m; sourceTree = "<group>"; };
		E9340E4F22374C840065F37C /* WKInputFiledLimitUtils.m */ = {isa = PBXFileReference; fileEncoding = 4; lastKnownFileType = sourcecode.c.objc; path = WKInputFiledLimitUtils.m; sourceTree = "<group>"; };
		E9340E5022374C850065F37C /* WKInputFiledLimitUtils.h */ = {isa = PBXFileReference; fileEncoding = 4; lastKnownFileType = sourcecode.c.h; path = WKInputFiledLimitUtils.h; sourceTree = "<group>"; };
		E991862C22324BB5009650F7 /* Y_ChartView.h */ = {isa = PBXFileReference; fileEncoding = 4; lastKnownFileType = sourcecode.c.h; path = Y_ChartView.h; sourceTree = "<group>"; };
		E991862F22324BB5009650F7 /* Y_StockChartGlobalVariable.h */ = {isa = PBXFileReference; fileEncoding = 4; lastKnownFileType = sourcecode.c.h; path = Y_StockChartGlobalVariable.h; sourceTree = "<group>"; };
		E991863022324BB5009650F7 /* Y_StockChartGlobalVariable.m */ = {isa = PBXFileReference; fileEncoding = 4; lastKnownFileType = sourcecode.c.objc; path = Y_StockChartGlobalVariable.m; sourceTree = "<group>"; };
		E991863222324BB5009650F7 /* Y_StockChartConstant.h */ = {isa = PBXFileReference; fileEncoding = 4; lastKnownFileType = sourcecode.c.h; path = Y_StockChartConstant.h; sourceTree = "<group>"; };
		E991863422324BB5009650F7 /* UIColor+Y_StockChart.h */ = {isa = PBXFileReference; fileEncoding = 4; lastKnownFileType = sourcecode.c.h; path = "UIColor+Y_StockChart.h"; sourceTree = "<group>"; };
		E991863522324BB5009650F7 /* UIColor+Y_StockChart.m */ = {isa = PBXFileReference; fileEncoding = 4; lastKnownFileType = sourcecode.c.objc; path = "UIColor+Y_StockChart.m"; sourceTree = "<group>"; };
		E991863722324BB5009650F7 /* Y_LayoutViewUtil.m */ = {isa = PBXFileReference; fileEncoding = 4; lastKnownFileType = sourcecode.c.objc; path = Y_LayoutViewUtil.m; sourceTree = "<group>"; };
		E991863822324BB5009650F7 /* Y_BaseLine.m */ = {isa = PBXFileReference; fileEncoding = 4; lastKnownFileType = sourcecode.c.objc; path = Y_BaseLine.m; sourceTree = "<group>"; };
		E991863922324BB5009650F7 /* Y_LayoutViewUtil.h */ = {isa = PBXFileReference; fileEncoding = 4; lastKnownFileType = sourcecode.c.h; path = Y_LayoutViewUtil.h; sourceTree = "<group>"; };
		E991863A22324BB5009650F7 /* Y_BaseLine.h */ = {isa = PBXFileReference; fileEncoding = 4; lastKnownFileType = sourcecode.c.h; path = Y_BaseLine.h; sourceTree = "<group>"; };
		E991863C22324BB5009650F7 /* Y_Extreme.m */ = {isa = PBXFileReference; fileEncoding = 4; lastKnownFileType = sourcecode.c.objc; path = Y_Extreme.m; sourceTree = "<group>"; };
		E991863D22324BB5009650F7 /* Y_MALine.h */ = {isa = PBXFileReference; fileEncoding = 4; lastKnownFileType = sourcecode.c.h; path = Y_MALine.h; sourceTree = "<group>"; };
		E991863E22324BB5009650F7 /* Y_TimeLine.h */ = {isa = PBXFileReference; fileEncoding = 4; lastKnownFileType = sourcecode.c.h; path = Y_TimeLine.h; sourceTree = "<group>"; };
		E991863F22324BB5009650F7 /* Y_BrokenLine.h */ = {isa = PBXFileReference; fileEncoding = 4; lastKnownFileType = sourcecode.c.h; path = Y_BrokenLine.h; sourceTree = "<group>"; };
		E991864022324BB5009650F7 /* Y_KLine.h */ = {isa = PBXFileReference; fileEncoding = 4; lastKnownFileType = sourcecode.c.h; path = Y_KLine.h; sourceTree = "<group>"; };
		E991864122324BB5009650F7 /* Y_Extreme.h */ = {isa = PBXFileReference; fileEncoding = 4; lastKnownFileType = sourcecode.c.h; path = Y_Extreme.h; sourceTree = "<group>"; };
		E991864222324BB5009650F7 /* Y_MALine.m */ = {isa = PBXFileReference; fileEncoding = 4; lastKnownFileType = sourcecode.c.objc; path = Y_MALine.m; sourceTree = "<group>"; };
		E991864322324BB5009650F7 /* Y_TimeLine.m */ = {isa = PBXFileReference; fileEncoding = 4; lastKnownFileType = sourcecode.c.objc; path = Y_TimeLine.m; sourceTree = "<group>"; };
		E991864422324BB5009650F7 /* Y_KLine.m */ = {isa = PBXFileReference; fileEncoding = 4; lastKnownFileType = sourcecode.c.objc; path = Y_KLine.m; sourceTree = "<group>"; };
		E991864522324BB5009650F7 /* Y_BrokenLine.m */ = {isa = PBXFileReference; fileEncoding = 4; lastKnownFileType = sourcecode.c.objc; path = Y_BrokenLine.m; sourceTree = "<group>"; };
		E991864722324BB5009650F7 /* Y_KLineAccessory.h */ = {isa = PBXFileReference; fileEncoding = 4; lastKnownFileType = sourcecode.c.h; path = Y_KLineAccessory.h; sourceTree = "<group>"; };
		E991864822324BB5009650F7 /* Y_KLineAccessory.m */ = {isa = PBXFileReference; fileEncoding = 4; lastKnownFileType = sourcecode.c.objc; path = Y_KLineAccessory.m; sourceTree = "<group>"; };
		E991864A22324BB5009650F7 /* NSString+Y_StockChart.h */ = {isa = PBXFileReference; fileEncoding = 4; lastKnownFileType = sourcecode.c.h; path = "NSString+Y_StockChart.h"; sourceTree = "<group>"; };
		E991864B22324BB5009650F7 /* UIFont+Y_StockChart.m */ = {isa = PBXFileReference; fileEncoding = 4; lastKnownFileType = sourcecode.c.objc; path = "UIFont+Y_StockChart.m"; sourceTree = "<group>"; };
		E991864C22324BB5009650F7 /* NSString+Y_StockChart.m */ = {isa = PBXFileReference; fileEncoding = 4; lastKnownFileType = sourcecode.c.objc; path = "NSString+Y_StockChart.m"; sourceTree = "<group>"; };
		E991864D22324BB5009650F7 /* UIFont+Y_StockChart.h */ = {isa = PBXFileReference; fileEncoding = 4; lastKnownFileType = sourcecode.c.h; path = "UIFont+Y_StockChart.h"; sourceTree = "<group>"; };
		E991864E22324BB5009650F7 /* Y_ChartView.m */ = {isa = PBXFileReference; fileEncoding = 4; lastKnownFileType = sourcecode.c.objc; path = Y_ChartView.m; sourceTree = "<group>"; };
		E991865022324BB5009650F7 /* Y_KLinePositionModel.m */ = {isa = PBXFileReference; fileEncoding = 4; lastKnownFileType = sourcecode.c.objc; path = Y_KLinePositionModel.m; sourceTree = "<group>"; };
		E991865122324BB5009650F7 /* Y_KLineModel.h */ = {isa = PBXFileReference; fileEncoding = 4; lastKnownFileType = sourcecode.c.h; path = Y_KLineModel.h; sourceTree = "<group>"; };
		E991865222324BB5009650F7 /* Y_KLineGroupModel.h */ = {isa = PBXFileReference; fileEncoding = 4; lastKnownFileType = sourcecode.c.h; path = Y_KLineGroupModel.h; sourceTree = "<group>"; };
		E991865322324BB5009650F7 /* Y_KLineVolumePositionModel.h */ = {isa = PBXFileReference; fileEncoding = 4; lastKnownFileType = sourcecode.c.h; path = Y_KLineVolumePositionModel.h; sourceTree = "<group>"; };
		E991865422324BB5009650F7 /* Y_KLinePositionModel.h */ = {isa = PBXFileReference; fileEncoding = 4; lastKnownFileType = sourcecode.c.h; path = Y_KLinePositionModel.h; sourceTree = "<group>"; };
		E991865522324BB5009650F7 /* Y_KLineModel.m */ = {isa = PBXFileReference; fileEncoding = 4; lastKnownFileType = sourcecode.c.objc; path = Y_KLineModel.m; sourceTree = "<group>"; };
		E991865622324BB5009650F7 /* Y_KLineGroupModel.m */ = {isa = PBXFileReference; fileEncoding = 4; lastKnownFileType = sourcecode.c.objc; path = Y_KLineGroupModel.m; sourceTree = "<group>"; };
		E991865722324BB5009650F7 /* Y_KLineVolumePositionModel.m */ = {isa = PBXFileReference; fileEncoding = 4; lastKnownFileType = sourcecode.c.objc; path = Y_KLineVolumePositionModel.m; sourceTree = "<group>"; };
		E991865922324BB5009650F7 /* Y_YAxisView.h */ = {isa = PBXFileReference; fileEncoding = 4; lastKnownFileType = sourcecode.c.h; path = Y_YAxisView.h; sourceTree = "<group>"; };
		E991865A22324BB5009650F7 /* Y_YAxisView.m */ = {isa = PBXFileReference; fileEncoding = 4; lastKnownFileType = sourcecode.c.objc; path = Y_YAxisView.m; sourceTree = "<group>"; };
		E991865C22324BB5009650F7 /* Y_AccessoryView.m */ = {isa = PBXFileReference; fileEncoding = 4; lastKnownFileType = sourcecode.c.objc; path = Y_AccessoryView.m; sourceTree = "<group>"; };
		E991865D22324BB5009650F7 /* Y_AccessoryInfoView.h */ = {isa = PBXFileReference; fileEncoding = 4; lastKnownFileType = sourcecode.c.h; path = Y_AccessoryInfoView.h; sourceTree = "<group>"; };
		E991865E22324BB5009650F7 /* Y_AccessoryView.h */ = {isa = PBXFileReference; fileEncoding = 4; lastKnownFileType = sourcecode.c.h; path = Y_AccessoryView.h; sourceTree = "<group>"; };
		E991865F22324BB5009650F7 /* Y_AccessoryInfoView.m */ = {isa = PBXFileReference; fileEncoding = 4; lastKnownFileType = sourcecode.c.objc; path = Y_AccessoryInfoView.m; sourceTree = "<group>"; };
		E991866122324BB5009650F7 /* Y_KLineMainView.m */ = {isa = PBXFileReference; fileEncoding = 4; lastKnownFileType = sourcecode.c.objc; path = Y_KLineMainView.m; sourceTree = "<group>"; };
		E991866222324BB5009650F7 /* Y_KLineMainView.h */ = {isa = PBXFileReference; fileEncoding = 4; lastKnownFileType = sourcecode.c.h; path = Y_KLineMainView.h; sourceTree = "<group>"; };
		E991866422324BB5009650F7 /* NSNumber+Y_ChartView.h */ = {isa = PBXFileReference; fileEncoding = 4; lastKnownFileType = sourcecode.c.h; path = "NSNumber+Y_ChartView.h"; sourceTree = "<group>"; };
		E991866522324BB5009650F7 /* DepthGroupModel.h */ = {isa = PBXFileReference; fileEncoding = 4; lastKnownFileType = sourcecode.c.h; path = DepthGroupModel.h; sourceTree = "<group>"; };
		E991866622324BB5009650F7 /* DepthModel.h */ = {isa = PBXFileReference; fileEncoding = 4; lastKnownFileType = sourcecode.c.h; path = DepthModel.h; sourceTree = "<group>"; };
		E991866722324BB5009650F7 /* DepthPriceView.m */ = {isa = PBXFileReference; fileEncoding = 4; lastKnownFileType = sourcecode.c.objc; path = DepthPriceView.m; sourceTree = "<group>"; };
		E991866822324BB5009650F7 /* DepthLongPressView.m */ = {isa = PBXFileReference; fileEncoding = 4; lastKnownFileType = sourcecode.c.objc; path = DepthLongPressView.m; sourceTree = "<group>"; };
		E991866922324BB5009650F7 /* DepthAmountView.h */ = {isa = PBXFileReference; fileEncoding = 4; lastKnownFileType = sourcecode.c.h; path = DepthAmountView.h; sourceTree = "<group>"; };
		E991866A22324BB5009650F7 /* DepthChartView.h */ = {isa = PBXFileReference; fileEncoding = 4; lastKnownFileType = sourcecode.c.h; path = DepthChartView.h; sourceTree = "<group>"; };
		E991866B22324BB5009650F7 /* DepthView.h */ = {isa = PBXFileReference; fileEncoding = 4; lastKnownFileType = sourcecode.c.h; path = DepthView.h; sourceTree = "<group>"; };
		E991866C22324BB5009650F7 /* DepthModel.m */ = {isa = PBXFileReference; fileEncoding = 4; lastKnownFileType = sourcecode.c.objc; path = DepthModel.m; sourceTree = "<group>"; };
		E991866D22324BB5009650F7 /* DepthGroupModel.m */ = {isa = PBXFileReference; fileEncoding = 4; lastKnownFileType = sourcecode.c.objc; path = DepthGroupModel.m; sourceTree = "<group>"; };
		E991866E22324BB5009650F7 /* NSNumber+Y_ChartView.m */ = {isa = PBXFileReference; fileEncoding = 4; lastKnownFileType = sourcecode.c.objc; path = "NSNumber+Y_ChartView.m"; sourceTree = "<group>"; };
		E991866F22324BB5009650F7 /* DepthPriceView.h */ = {isa = PBXFileReference; fileEncoding = 4; lastKnownFileType = sourcecode.c.h; path = DepthPriceView.h; sourceTree = "<group>"; };
		E991867022324BB5009650F7 /* DepthLongPressView.h */ = {isa = PBXFileReference; fileEncoding = 4; lastKnownFileType = sourcecode.c.h; path = DepthLongPressView.h; sourceTree = "<group>"; };
		E991867122324BB5009650F7 /* DepthView.m */ = {isa = PBXFileReference; fileEncoding = 4; lastKnownFileType = sourcecode.c.objc; path = DepthView.m; sourceTree = "<group>"; };
		E991867222324BB5009650F7 /* DepthChartView.m */ = {isa = PBXFileReference; fileEncoding = 4; lastKnownFileType = sourcecode.c.objc; path = DepthChartView.m; sourceTree = "<group>"; };
		E991867322324BB5009650F7 /* DepthAmountView.m */ = {isa = PBXFileReference; fileEncoding = 4; lastKnownFileType = sourcecode.c.objc; path = DepthAmountView.m; sourceTree = "<group>"; };
		E991869222325210009650F7 /* ABDepthAsksData.json */ = {isa = PBXFileReference; fileEncoding = 4; lastKnownFileType = text.json; path = ABDepthAsksData.json; sourceTree = "<group>"; };
		E991869322325210009650F7 /* ABKLineViewController.m */ = {isa = PBXFileReference; fileEncoding = 4; lastKnownFileType = sourcecode.c.objc; path = ABKLineViewController.m; sourceTree = "<group>"; };
		E991869422325210009650F7 /* ABDataSourceManager.m */ = {isa = PBXFileReference; fileEncoding = 4; lastKnownFileType = sourcecode.c.objc; path = ABDataSourceManager.m; sourceTree = "<group>"; };
		E991869522325210009650F7 /* ABDepthBidsData.json */ = {isa = PBXFileReference; fileEncoding = 4; lastKnownFileType = text.json; path = ABDepthBidsData.json; sourceTree = "<group>"; };
		E991869622325211009650F7 /* ABDataSourceManager.h */ = {isa = PBXFileReference; fileEncoding = 4; lastKnownFileType = sourcecode.c.h; path = ABDataSourceManager.h; sourceTree = "<group>"; };
		E991869B22325217009650F7 /* ABKLineViewController.h */ = {isa = PBXFileReference; fileEncoding = 4; lastKnownFileType = sourcecode.c.h; path = ABKLineViewController.h; sourceTree = "<group>"; };
		E991869C22325217009650F7 /* ABDepthViewController.m */ = {isa = PBXFileReference; fileEncoding = 4; lastKnownFileType = sourcecode.c.objc; path = ABDepthViewController.m; sourceTree = "<group>"; };
		E991869D22325217009650F7 /* ABDepthViewController.h */ = {isa = PBXFileReference; fileEncoding = 4; lastKnownFileType = sourcecode.c.h; path = ABDepthViewController.h; sourceTree = "<group>"; };
		E991869E22325217009650F7 /* ABKLineData.json */ = {isa = PBXFileReference; fileEncoding = 4; lastKnownFileType = text.json; path = ABKLineData.json; sourceTree = "<group>"; };
		E99186A22232590F009650F7 /* Y_StockChartSegmentView.h */ = {isa = PBXFileReference; fileEncoding = 4; lastKnownFileType = sourcecode.c.h; path = Y_StockChartSegmentView.h; sourceTree = "<group>"; };
		E99186A32232590F009650F7 /* Y_StockChartSegmentView.m */ = {isa = PBXFileReference; fileEncoding = 4; lastKnownFileType = sourcecode.c.objc; path = Y_StockChartSegmentView.m; sourceTree = "<group>"; };
		E99DE11420AACAA8009CEF88 /* SQRootTabBarControl.h */ = {isa = PBXFileReference; lastKnownFileType = sourcecode.c.h; path = SQRootTabBarControl.h; sourceTree = "<group>"; };
		E99DE11520AACAA8009CEF88 /* SQRootTabBarControl.m */ = {isa = PBXFileReference; lastKnownFileType = sourcecode.c.objc; path = SQRootTabBarControl.m; sourceTree = "<group>"; };
		E99DE11920AACE69009CEF88 /* SQHomeViewController.h */ = {isa = PBXFileReference; lastKnownFileType = sourcecode.c.h; path = SQHomeViewController.h; sourceTree = "<group>"; };
		E99DE11A20AACE69009CEF88 /* SQHomeViewController.m */ = {isa = PBXFileReference; lastKnownFileType = sourcecode.c.objc; path = SQHomeViewController.m; sourceTree = "<group>"; };
		E99DE21F20B58938009CEF88 /* SQBaseCollectionViewCell.h */ = {isa = PBXFileReference; fileEncoding = 4; lastKnownFileType = sourcecode.c.h; path = SQBaseCollectionViewCell.h; sourceTree = "<group>"; };
		E99DE22020B58938009CEF88 /* SQBaseCollectionViewCell.m */ = {isa = PBXFileReference; fileEncoding = 4; lastKnownFileType = sourcecode.c.objc; path = SQBaseCollectionViewCell.m; sourceTree = "<group>"; };
		E99DE22120B58938009CEF88 /* SQBaseCollectionView.h */ = {isa = PBXFileReference; fileEncoding = 4; lastKnownFileType = sourcecode.c.h; path = SQBaseCollectionView.h; sourceTree = "<group>"; };
		E99DE22220B58938009CEF88 /* SQBaseCollectionView.m */ = {isa = PBXFileReference; fileEncoding = 4; lastKnownFileType = sourcecode.c.objc; path = SQBaseCollectionView.m; sourceTree = "<group>"; };
		E9EB2BC72230C1F300F7F152 /* NetWorking.m */ = {isa = PBXFileReference; fileEncoding = 4; lastKnownFileType = sourcecode.c.objc; path = NetWorking.m; sourceTree = "<group>"; };
		E9EB2BC82230C1F300F7F152 /* NetWorking.h */ = {isa = PBXFileReference; fileEncoding = 4; lastKnownFileType = sourcecode.c.h; path = NetWorking.h; sourceTree = "<group>"; };
		FC21D2D5666D757136004434 /* libPods-SQAPPSTART.a */ = {isa = PBXFileReference; explicitFileType = archive.ar; includeInIndex = 0; path = "libPods-SQAPPSTART.a"; sourceTree = BUILT_PRODUCTS_DIR; };
/* End PBXFileReference section */

/* Begin PBXFrameworksBuildPhase section */
		182A7FD8209031A6009B244B /* Frameworks */ = {
			isa = PBXFrameworksBuildPhase;
			buildActionMask = 2147483647;
			files = (
				996360B8AA029987D621F671 /* libPods-SQAPPSTART.a in Frameworks */,
			);
			runOnlyForDeploymentPostprocessing = 0;
		};
		182A7FF0209031A7009B244B /* Frameworks */ = {
			isa = PBXFrameworksBuildPhase;
			buildActionMask = 2147483647;
			files = (
			);
			runOnlyForDeploymentPostprocessing = 0;
		};
		182A7FFB209031A7009B244B /* Frameworks */ = {
			isa = PBXFrameworksBuildPhase;
			buildActionMask = 2147483647;
			files = (
			);
			runOnlyForDeploymentPostprocessing = 0;
		};
/* End PBXFrameworksBuildPhase section */

/* Begin PBXGroup section */
		16C6589ABB3CEE1B1C66457D /* Frameworks */ = {
			isa = PBXGroup;
			children = (
				FC21D2D5666D757136004434 /* libPods-SQAPPSTART.a */,
			);
			name = Frameworks;
			sourceTree = "<group>";
		};
		182A7FD2209031A6009B244B = {
			isa = PBXGroup;
			children = (
				182A7FDD209031A6009B244B /* SQAPPSTART */,
				182A7FF6209031A7009B244B /* SQAPPSTARTTests */,
				182A8001209031A7009B244B /* SQAPPSTARTUITests */,
				182A7FDC209031A6009B244B /* Products */,
				5B21A265552B6D6BB8AF58D8 /* Pods */,
				16C6589ABB3CEE1B1C66457D /* Frameworks */,
			);
			sourceTree = "<group>";
		};
		182A7FDC209031A6009B244B /* Products */ = {
			isa = PBXGroup;
			children = (
				182A7FDB209031A6009B244B /* SQAPPSTART.app */,
				182A7FF3209031A7009B244B /* SQAPPSTARTTests.xctest */,
				182A7FFE209031A7009B244B /* SQAPPSTARTUITests.xctest */,
			);
			name = Products;
			sourceTree = "<group>";
		};
		182A7FDD209031A6009B244B /* SQAPPSTART */ = {
			isa = PBXGroup;
			children = (
				E99DE11720AACE32009CEF88 /* Classes */,
				182A80122090320F009B244B /* Bases */,
				182A80182090335A009B244B /* Category */,
				182A8010209031E3009B244B /* Utils */,
				E90BBDE9209C07E4006DCB7B /* NetWork */,
				182A801520903231009B244B /* Vendor */,
				E90BBDEA209C0801006DCB7B /* Libs */,
				182A80172090323B009B244B /* Sources */,
				182A801420903227009B244B /* Other */,
			);
			path = SQAPPSTART;
			sourceTree = "<group>";
		};
		182A7FF6209031A7009B244B /* SQAPPSTARTTests */ = {
			isa = PBXGroup;
			children = (
				182A7FF7209031A7009B244B /* SQAPPSTARTTests.m */,
				182A7FF9209031A7009B244B /* Info.plist */,
			);
			path = SQAPPSTARTTests;
			sourceTree = "<group>";
		};
		182A8001209031A7009B244B /* SQAPPSTARTUITests */ = {
			isa = PBXGroup;
			children = (
				182A8002209031A7009B244B /* SQAPPSTARTUITests.m */,
				182A8004209031A7009B244B /* Info.plist */,
			);
			path = SQAPPSTARTUITests;
			sourceTree = "<group>";
		};
		182A8010209031E3009B244B /* Utils */ = {
			isa = PBXGroup;
			children = (
				182A801E209034AB009B244B /* Macro */,
				182A801F209034B2009B244B /* Tools */,
			);
			path = Utils;
			sourceTree = "<group>";
		};
		182A80122090320F009B244B /* Bases */ = {
			isa = PBXGroup;
			children = (
				182A801B20903384009B244B /* BaseModel */,
				E90BBDD8209C0494006DCB7B /* BaseView */,
				182A80192090336F009B244B /* BaseController */,
			);
			path = Bases;
			sourceTree = "<group>";
		};
		182A801420903227009B244B /* Other */ = {
			isa = PBXGroup;
			children = (
				182A8020209035A3009B244B /* AppStart */,
				E90BBDEE209C0834006DCB7B /* AppRoot */,
				182A7FED209031A7009B244B /* main.m */,
				182A7FEC209031A7009B244B /* Info.plist */,
				182A7FDE209031A6009B244B /* AppDelegate.h */,
				182A7FDF209031A6009B244B /* AppDelegate.m */,
				182A7FE7209031A7009B244B /* Assets.xcassets */,
			);
			path = Other;
			sourceTree = "<group>";
		};
		182A801520903231009B244B /* Vendor */ = {
			isa = PBXGroup;
			children = (
				182A8025209052FB009B244B /* SDCycleScrollView */,
			);
			path = Vendor;
			sourceTree = "<group>";
		};
		182A80172090323B009B244B /* Sources */ = {
			isa = PBXGroup;
			children = (
				182A802320903718009B244B /* Default-568h@2x.png */,
			);
			path = Sources;
			sourceTree = "<group>";
		};
		182A80182090335A009B244B /* Category */ = {
			isa = PBXGroup;
			children = (
				182A801C209033F3009B244B /* UIKit */,
				182A801D20903416009B244B /* Foundation */,
			);
			path = Category;
			sourceTree = "<group>";
		};
		182A80192090336F009B244B /* BaseController */ = {
			isa = PBXGroup;
			children = (
				182A803F20905977009B244B /* SQBaseViewController.h */,
				182A804020905977009B244B /* SQBaseViewController.m */,
				182A804220905AC7009B244B /* SQBaseTableViewController.h */,
				182A804320905AC7009B244B /* SQBaseTableViewController.m */,
				182A804520905B2F009B244B /* SQBaseWebViewController.h */,
				182A804620905B2F009B244B /* SQBaseWebViewController.m */,
			);
			path = BaseController;
			sourceTree = "<group>";
		};
		182A801B20903384009B244B /* BaseModel */ = {
			isa = PBXGroup;
			children = (
				182A8054209074DC009B244B /* SQBaseModel.h */,
				182A8055209074DC009B244B /* SQBaseModel.m */,
			);
			path = BaseModel;
			sourceTree = "<group>";
		};
		182A801C209033F3009B244B /* UIKit */ = {
			isa = PBXGroup;
			children = (
				182A8078209081BA009B244B /* UIBarButtonItem+SQExtension.h */,
				182A8079209081BA009B244B /* UIBarButtonItem+SQExtension.m */,
				182A803C20905956009B244B /* UINavigationController+FDFullscreenPopGesture.h */,
				182A803D20905957009B244B /* UINavigationController+FDFullscreenPopGesture.m */,
				182A805120906F07009B244B /* UIColor+Extension.h */,
				182A805220906F07009B244B /* UIColor+Extension.m */,
				182A806620907A87009B244B /* UIImage+SQExtension.h */,
				182A806720907A87009B244B /* UIImage+SQExtension.m */,
				182A806920907BC0009B244B /* UIImageView+SQExtension_m.h */,
				182A806A20907BC0009B244B /* UIImageView+SQExtension_m.m */,
				182A806C20907D83009B244B /* UIView+SQExtension.h */,
				182A806D20907D83009B244B /* UIView+SQExtension.m */,
				182A806F20907E84009B244B /* UILabel+SQExtension.h */,
				182A807020907E84009B244B /* UILabel+SQExtension.m */,
				182A807220907F72009B244B /* UITabBar+SQExtension.h */,
				182A807320907F72009B244B /* UITabBar+SQExtension.m */,
				182A80752090801B009B244B /* UIButton+SQExtension.h */,
				182A80762090801B009B244B /* UIButton+SQExtension.m */,
				182A8081209084D0009B244B /* UITableView+SQAddHeadTip.h */,
				182A8082209084D0009B244B /* UITableView+SQAddHeadTip.m */,
				E9340E41223745AA0065F37C /* UIView+SQFrame.h */,
				E9340E42223745AA0065F37C /* UIView+SQFrame.m */,
			);
			path = UIKit;
			sourceTree = "<group>";
		};
		182A801D20903416009B244B /* Foundation */ = {
			isa = PBXGroup;
			children = (
				182A80572090775D009B244B /* NSString+SQUrlAnaly.h */,
				182A80582090775D009B244B /* NSString+SQUrlAnaly.m */,
				182A805A20907804009B244B /* NSString+SQSubString.h */,
				182A805B20907804009B244B /* NSString+SQSubString.m */,
				182A805D2090785B009B244B /* NSString+SQTimeStamp.h */,
				182A805E2090785B009B244B /* NSString+SQTimeStamp.m */,
				182A806020907916009B244B /* NSString+SQSizeOfString.h */,
				182A806120907916009B244B /* NSString+SQSizeOfString.m */,
				182A8063209079B3009B244B /* NSString+SQCheckString.h */,
				182A8064209079B3009B244B /* NSString+SQCheckString.m */,
			);
			path = Foundation;
			sourceTree = "<group>";
		};
		182A801E209034AB009B244B /* Macro */ = {
			isa = PBXGroup;
			children = (
				182A804B20906201009B244B /* SQMacroFile.h */,
				182A804A209061C9009B244B /* SQConstantFile.h */,
				182A804D20906243009B244B /* SQApiUrlFile.h */,
				182A804920906193009B244B /* SQHeaderFile.h */,
				182A8048209060B2009B244B /* PrefixHeader.pch */,
			);
			path = Macro;
			sourceTree = "<group>";
		};
		182A801F209034B2009B244B /* Tools */ = {
			isa = PBXGroup;
			children = (
				182A804E20906B58009B244B /* SQIphonePx.h */,
				182A804F20906B58009B244B /* SQIphonePx.m */,
				182A807B209082DE009B244B /* SQDataCache.h */,
				182A807C209082DE009B244B /* SQDataCache.m */,
				182A807E2090841A009B244B /* SQGetNowDate.h */,
				182A807F2090841A009B244B /* SQGetNowDate.m */,
				E9340E3B2236433D0065F37C /* SQTransformTime.h */,
				E9340E3C2236433D0065F37C /* SQTransformTime.m */,
				182A8084209087B8009B244B /* SQTimeDelay.h */,
				182A8085209087B8009B244B /* SQTimeDelay.m */,
				E9340E3F2237409E0065F37C /* YGStartPageView.h */,
				E9340E3E2237409E0065F37C /* YGStartPageView.m */,
				E9340E5022374C850065F37C /* WKInputFiledLimitUtils.h */,
				E9340E4F22374C840065F37C /* WKInputFiledLimitUtils.m */,
			);
			path = Tools;
			sourceTree = "<group>";
		};
		182A8020209035A3009B244B /* AppStart */ = {
			isa = PBXGroup;
			children = (
				182A80872090896B009B244B /* SQStartManager.h */,
				182A80882090896B009B244B /* SQStartManager.m */,
			);
			path = AppStart;
			sourceTree = "<group>";
		};
		182A8025209052FB009B244B /* SDCycleScrollView */ = {
			isa = PBXGroup;
			children = (
				182A8026209052FB009B244B /* PageControl */,
				182A802F209052FB009B244B /* SDCollectionViewCell.h */,
				182A8030209052FB009B244B /* SDCollectionViewCell.m */,
				182A8031209052FB009B244B /* SDCycleScrollView.h */,
				182A8032209052FB009B244B /* SDCycleScrollView.m */,
				182A8033209052FB009B244B /* UIView+SDExtension.h */,
				182A8034209052FB009B244B /* UIView+SDExtension.m */,
			);
			path = SDCycleScrollView;
			sourceTree = "<group>";
		};
		182A8026209052FB009B244B /* PageControl */ = {
			isa = PBXGroup;
			children = (
				182A8027209052FB009B244B /* TAAbstractDotView.h */,
				182A8028209052FB009B244B /* TAAbstractDotView.m */,
				182A8029209052FB009B244B /* TAAnimatedDotView.h */,
				182A802A209052FB009B244B /* TAAnimatedDotView.m */,
				182A802B209052FB009B244B /* TADotView.h */,
				182A802C209052FB009B244B /* TADotView.m */,
				182A802D209052FB009B244B /* TAPageControl.h */,
				182A802E209052FB009B244B /* TAPageControl.m */,
			);
			path = PageControl;
			sourceTree = "<group>";
		};
		5B21A265552B6D6BB8AF58D8 /* Pods */ = {
			isa = PBXGroup;
			children = (
				7F81FF23EACCE665CD687ECC /* Pods-SQAPPSTART.debug.xcconfig */,
				D1EED8B745BDDA93AD30815D /* Pods-SQAPPSTART.release.xcconfig */,
			);
			name = Pods;
			sourceTree = "<group>";
		};
		C6D4414D2233E3BF00DC383C /* Views */ = {
			isa = PBXGroup;
			children = (
				C6D441502233E41C00DC383C /* SQHomeTopInfosView.h */,
				C6D441512233E41C00DC383C /* SQHomeTopInfosView.m */,
				C6D441532234147900DC383C /* SQHomeBottomDealView.h */,
				C6D441542234147900DC383C /* SQHomeBottomDealView.m */,
			);
			path = Views;
			sourceTree = "<group>";
		};
		C6D4414E2233E3D500DC383C /* Model */ = {
			isa = PBXGroup;
			children = (
				C6A8B5142236968000F5DC8B /* SQHomeDataSouceModel.h */,
				C6A8B5152236968000F5DC8B /* SQHomeDataSouceModel.m */,
			);
			path = Model;
			sourceTree = "<group>";
		};
		C6D4414F2233E3DA00DC383C /* Controller */ = {
			isa = PBXGroup;
			children = (
				E99DE11920AACE69009CEF88 /* SQHomeViewController.h */,
				E99DE11A20AACE69009CEF88 /* SQHomeViewController.m */,
			);
			path = Controller;
			sourceTree = "<group>";
		};
		E90BBDD8209C0494006DCB7B /* BaseView */ = {
			isa = PBXGroup;
			children = (
				E90BBDDF209C0533006DCB7B /* SQBaseImageView.h */,
				E90BBDE0209C0533006DCB7B /* SQBaseImageView.m */,
				E99DE22120B58938009CEF88 /* SQBaseCollectionView.h */,
				E99DE22220B58938009CEF88 /* SQBaseCollectionView.m */,
				E99DE21F20B58938009CEF88 /* SQBaseCollectionViewCell.h */,
				E99DE22020B58938009CEF88 /* SQBaseCollectionViewCell.m */,
				E90BBDE2209C05A2006DCB7B /* SQBaseTableView.h */,
				E90BBDE3209C05A2006DCB7B /* SQBaseTableView.m */,
				E90BBDD9209C04C2006DCB7B /* SQBaseTableViewCell.h */,
				E90BBDDA209C04C2006DCB7B /* SQBaseTableViewCell.m */,
				E90BBDDC209C04F9006DCB7B /* SQBaseHeaderFooterView.h */,
				E90BBDDD209C04F9006DCB7B /* SQBaseHeaderFooterView.m */,
			);
			path = BaseView;
			sourceTree = "<group>";
		};
		E90BBDE9209C07E4006DCB7B /* NetWork */ = {
			isa = PBXGroup;
			children = (
				E90BBDE5209C07D8006DCB7B /* SQRequest.h */,
				E90BBDE6209C07D8006DCB7B /* SQRequest.m */,
			);
			path = NetWork;
			sourceTree = "<group>";
		};
		E90BBDEA209C0801006DCB7B /* Libs */ = {
			isa = PBXGroup;
			children = (
				E991862A22324BB5009650F7 /* Chartview */,
				E9EB2BC62230C1F300F7F152 /* NetWorking */,
			);
			path = Libs;
			sourceTree = "<group>";
		};
		E90BBDEE209C0834006DCB7B /* AppRoot */ = {
			isa = PBXGroup;
			children = (
				E90BBDEF209C086D006DCB7B /* SQRootNavigationVC.h */,
				E90BBDF0209C086D006DCB7B /* SQRootNavigationVC.m */,
				E99DE11420AACAA8009CEF88 /* SQRootTabBarControl.h */,
				E99DE11520AACAA8009CEF88 /* SQRootTabBarControl.m */,
			);
			path = AppRoot;
			sourceTree = "<group>";
		};
		E9340E44223749440065F37C /* 登录 */ = {
			isa = PBXGroup;
			children = (
				E9340E452237494D0065F37C /* Controller */,
			);
			path = "登录";
			sourceTree = "<group>";
		};
		E9340E452237494D0065F37C /* Controller */ = {
			isa = PBXGroup;
			children = (
				E9340E46223749800065F37C /* SQLoginViewController.h */,
				E9340E47223749800065F37C /* SQLoginViewController.m */,
				E9340E4922374A6E0065F37C /* SQLoginModel.h */,
				E9340E4A22374A6E0065F37C /* SQLoginModel.m */,
				E9340E4C22374B4A0065F37C /* SQLoginView.h */,
				E9340E4D22374B4A0065F37C /* SQLoginView.m */,
			);
			path = Controller;
			sourceTree = "<group>";
		};
		E991862A22324BB5009650F7 /* Chartview */ = {
			isa = PBXGroup;
			children = (
				E991862B22324BB5009650F7 /* KLineView */,
				E991866322324BB5009650F7 /* DepthView */,
			);
			path = Chartview;
			sourceTree = "<group>";
		};
		E991862B22324BB5009650F7 /* KLineView */ = {
			isa = PBXGroup;
			children = (
				E991862C22324BB5009650F7 /* Y_ChartView.h */,
				E991864E22324BB5009650F7 /* Y_ChartView.m */,
				E991862D22324BB5009650F7 /* Config */,
				E991863622324BB5009650F7 /* Utils */,
				E991864F22324BB5009650F7 /* Model */,
				E991865822324BB5009650F7 /* View */,
			);
			path = KLineView;
			sourceTree = "<group>";
		};
		E991862D22324BB5009650F7 /* Config */ = {
			isa = PBXGroup;
			children = (
				E991862E22324BB5009650F7 /* GlobalVariable */,
				E991863122324BB5009650F7 /* Constant */,
				E991863322324BB5009650F7 /* Theme */,
			);
			path = Config;
			sourceTree = "<group>";
		};
		E991862E22324BB5009650F7 /* GlobalVariable */ = {
			isa = PBXGroup;
			children = (
				E991862F22324BB5009650F7 /* Y_StockChartGlobalVariable.h */,
				E991863022324BB5009650F7 /* Y_StockChartGlobalVariable.m */,
			);
			path = GlobalVariable;
			sourceTree = "<group>";
		};
		E991863122324BB5009650F7 /* Constant */ = {
			isa = PBXGroup;
			children = (
				E991863222324BB5009650F7 /* Y_StockChartConstant.h */,
			);
			path = Constant;
			sourceTree = "<group>";
		};
		E991863322324BB5009650F7 /* Theme */ = {
			isa = PBXGroup;
			children = (
				E991863422324BB5009650F7 /* UIColor+Y_StockChart.h */,
				E991863522324BB5009650F7 /* UIColor+Y_StockChart.m */,
			);
			path = Theme;
			sourceTree = "<group>";
		};
		E991863622324BB5009650F7 /* Utils */ = {
			isa = PBXGroup;
			children = (
				E991863922324BB5009650F7 /* Y_LayoutViewUtil.h */,
				E991863722324BB5009650F7 /* Y_LayoutViewUtil.m */,
				E991863A22324BB5009650F7 /* Y_BaseLine.h */,
				E991863822324BB5009650F7 /* Y_BaseLine.m */,
				E991863B22324BB5009650F7 /* KLine */,
				E991864622324BB5009650F7 /* Accessory */,
				E991864922324BB5009650F7 /* Categories */,
			);
			path = Utils;
			sourceTree = "<group>";
		};
		E991863B22324BB5009650F7 /* KLine */ = {
			isa = PBXGroup;
			children = (
				E991863C22324BB5009650F7 /* Y_Extreme.m */,
				E991863D22324BB5009650F7 /* Y_MALine.h */,
				E991863E22324BB5009650F7 /* Y_TimeLine.h */,
				E991863F22324BB5009650F7 /* Y_BrokenLine.h */,
				E991864022324BB5009650F7 /* Y_KLine.h */,
				E991864122324BB5009650F7 /* Y_Extreme.h */,
				E991864222324BB5009650F7 /* Y_MALine.m */,
				E991864322324BB5009650F7 /* Y_TimeLine.m */,
				E991864422324BB5009650F7 /* Y_KLine.m */,
				E991864522324BB5009650F7 /* Y_BrokenLine.m */,
			);
			path = KLine;
			sourceTree = "<group>";
		};
		E991864622324BB5009650F7 /* Accessory */ = {
			isa = PBXGroup;
			children = (
				E991864722324BB5009650F7 /* Y_KLineAccessory.h */,
				E991864822324BB5009650F7 /* Y_KLineAccessory.m */,
			);
			path = Accessory;
			sourceTree = "<group>";
		};
		E991864922324BB5009650F7 /* Categories */ = {
			isa = PBXGroup;
			children = (
				E991864A22324BB5009650F7 /* NSString+Y_StockChart.h */,
				E991864B22324BB5009650F7 /* UIFont+Y_StockChart.m */,
				E991864C22324BB5009650F7 /* NSString+Y_StockChart.m */,
				E991864D22324BB5009650F7 /* UIFont+Y_StockChart.h */,
			);
			path = Categories;
			sourceTree = "<group>";
		};
		E991864F22324BB5009650F7 /* Model */ = {
			isa = PBXGroup;
			children = (
				E991865122324BB5009650F7 /* Y_KLineModel.h */,
				E991865522324BB5009650F7 /* Y_KLineModel.m */,
				E991865422324BB5009650F7 /* Y_KLinePositionModel.h */,
				E991865022324BB5009650F7 /* Y_KLinePositionModel.m */,
				E991865222324BB5009650F7 /* Y_KLineGroupModel.h */,
				E991865622324BB5009650F7 /* Y_KLineGroupModel.m */,
				E991865322324BB5009650F7 /* Y_KLineVolumePositionModel.h */,
				E991865722324BB5009650F7 /* Y_KLineVolumePositionModel.m */,
			);
			path = Model;
			sourceTree = "<group>";
		};
		E991865822324BB5009650F7 /* View */ = {
			isa = PBXGroup;
			children = (
				E991865922324BB5009650F7 /* Y_YAxisView.h */,
				E991865A22324BB5009650F7 /* Y_YAxisView.m */,
				E991866022324BB5009650F7 /* KLineView */,
				E991865B22324BB5009650F7 /* AccessoryView */,
			);
			path = View;
			sourceTree = "<group>";
		};
		E991865B22324BB5009650F7 /* AccessoryView */ = {
			isa = PBXGroup;
			children = (
				E991865E22324BB5009650F7 /* Y_AccessoryView.h */,
				E991865C22324BB5009650F7 /* Y_AccessoryView.m */,
				E991865D22324BB5009650F7 /* Y_AccessoryInfoView.h */,
				E991865F22324BB5009650F7 /* Y_AccessoryInfoView.m */,
			);
			path = AccessoryView;
			sourceTree = "<group>";
		};
		E991866022324BB5009650F7 /* KLineView */ = {
			isa = PBXGroup;
			children = (
				E991866222324BB5009650F7 /* Y_KLineMainView.h */,
				E991866122324BB5009650F7 /* Y_KLineMainView.m */,
			);
			path = KLineView;
			sourceTree = "<group>";
		};
		E991866322324BB5009650F7 /* DepthView */ = {
			isa = PBXGroup;
			children = (
				E991866422324BB5009650F7 /* NSNumber+Y_ChartView.h */,
				E991866522324BB5009650F7 /* DepthGroupModel.h */,
				E991866622324BB5009650F7 /* DepthModel.h */,
				E991866722324BB5009650F7 /* DepthPriceView.m */,
				E991866822324BB5009650F7 /* DepthLongPressView.m */,
				E991866922324BB5009650F7 /* DepthAmountView.h */,
				E991866A22324BB5009650F7 /* DepthChartView.h */,
				E991866B22324BB5009650F7 /* DepthView.h */,
				E991866C22324BB5009650F7 /* DepthModel.m */,
				E991866D22324BB5009650F7 /* DepthGroupModel.m */,
				E991866E22324BB5009650F7 /* NSNumber+Y_ChartView.m */,
				E991866F22324BB5009650F7 /* DepthPriceView.h */,
				E991867022324BB5009650F7 /* DepthLongPressView.h */,
				E991867122324BB5009650F7 /* DepthView.m */,
				E991867222324BB5009650F7 /* DepthChartView.m */,
				E991867322324BB5009650F7 /* DepthAmountView.m */,
			);
			path = DepthView;
			sourceTree = "<group>";
		};
		E9918691223251FA009650F7 /* KLineViewControllers */ = {
			isa = PBXGroup;
			children = (
				E99186A12232522A009650F7 /* Datas */,
				E99186A522325960009650F7 /* Views */,
				E991869B22325217009650F7 /* ABKLineViewController.h */,
				E991869322325210009650F7 /* ABKLineViewController.m */,
				E9340E3522362EAB0065F37C /* ABKLineViewModel.h */,
				E9340E3622362EAB0065F37C /* ABKLineViewModel.m */,
				E991869D22325217009650F7 /* ABDepthViewController.h */,
				E991869C22325217009650F7 /* ABDepthViewController.m */,
			);
			path = KLineViewControllers;
			sourceTree = "<group>";
		};
		E99186A12232522A009650F7 /* Datas */ = {
			isa = PBXGroup;
			children = (
				E991869622325211009650F7 /* ABDataSourceManager.h */,
				E991869422325210009650F7 /* ABDataSourceManager.m */,
				E991869E22325217009650F7 /* ABKLineData.json */,
				E991869222325210009650F7 /* ABDepthAsksData.json */,
				E991869522325210009650F7 /* ABDepthBidsData.json */,
			);
			path = Datas;
			sourceTree = "<group>";
		};
		E99186A522325960009650F7 /* Views */ = {
			isa = PBXGroup;
			children = (
				E99186A22232590F009650F7 /* Y_StockChartSegmentView.h */,
				E99186A32232590F009650F7 /* Y_StockChartSegmentView.m */,
				E9340E3822363CC20065F37C /* ABKInfoWindowWhenPress.h */,
				E9340E3922363CC20065F37C /* ABKInfoWindowWhenPress.m */,
			);
			path = Views;
			sourceTree = "<group>";
		};
		E99DE11720AACE32009CEF88 /* Classes */ = {
			isa = PBXGroup;
			children = (
				E9340E44223749440065F37C /* 登录 */,
				E99DE11820AACE3B009CEF88 /* 首页 */,
			);
			path = Classes;
			sourceTree = "<group>";
		};
		E99DE11820AACE3B009CEF88 /* 首页 */ = {
			isa = PBXGroup;
			children = (
				C6D4414F2233E3DA00DC383C /* Controller */,
				C6D4414E2233E3D500DC383C /* Model */,
				C6D4414D2233E3BF00DC383C /* Views */,
				E9918691223251FA009650F7 /* KLineViewControllers */,
			);
			path = "首页";
			sourceTree = "<group>";
		};
		E9EB2BC62230C1F300F7F152 /* NetWorking */ = {
			isa = PBXGroup;
			children = (
				E9EB2BC82230C1F300F7F152 /* NetWorking.h */,
				E9EB2BC72230C1F300F7F152 /* NetWorking.m */,
			);
			path = NetWorking;
			sourceTree = "<group>";
		};
/* End PBXGroup section */

/* Begin PBXNativeTarget section */
		182A7FDA209031A6009B244B /* SQAPPSTART */ = {
			isa = PBXNativeTarget;
			buildConfigurationList = 182A8007209031A7009B244B /* Build configuration list for PBXNativeTarget "SQAPPSTART" */;
			buildPhases = (
				7331574F6152B4E5279C1CC1 /* [CP] Check Pods Manifest.lock */,
				182A7FD7209031A6009B244B /* Sources */,
				182A7FD8209031A6009B244B /* Frameworks */,
				182A7FD9209031A6009B244B /* Resources */,
				EBC89DEC8D2BA1893107DED8 /* [CP] Copy Pods Resources */,
			);
			buildRules = (
			);
			dependencies = (
			);
			name = SQAPPSTART;
			productName = SQAPPSTART;
			productReference = 182A7FDB209031A6009B244B /* SQAPPSTART.app */;
			productType = "com.apple.product-type.application";
		};
		182A7FF2209031A7009B244B /* SQAPPSTARTTests */ = {
			isa = PBXNativeTarget;
			buildConfigurationList = 182A800A209031A7009B244B /* Build configuration list for PBXNativeTarget "SQAPPSTARTTests" */;
			buildPhases = (
				182A7FEF209031A7009B244B /* Sources */,
				182A7FF0209031A7009B244B /* Frameworks */,
				182A7FF1209031A7009B244B /* Resources */,
			);
			buildRules = (
			);
			dependencies = (
				182A7FF5209031A7009B244B /* PBXTargetDependency */,
			);
			name = SQAPPSTARTTests;
			productName = SQAPPSTARTTests;
			productReference = 182A7FF3209031A7009B244B /* SQAPPSTARTTests.xctest */;
			productType = "com.apple.product-type.bundle.unit-test";
		};
		182A7FFD209031A7009B244B /* SQAPPSTARTUITests */ = {
			isa = PBXNativeTarget;
			buildConfigurationList = 182A800D209031A7009B244B /* Build configuration list for PBXNativeTarget "SQAPPSTARTUITests" */;
			buildPhases = (
				182A7FFA209031A7009B244B /* Sources */,
				182A7FFB209031A7009B244B /* Frameworks */,
				182A7FFC209031A7009B244B /* Resources */,
			);
			buildRules = (
			);
			dependencies = (
				182A8000209031A7009B244B /* PBXTargetDependency */,
			);
			name = SQAPPSTARTUITests;
			productName = SQAPPSTARTUITests;
			productReference = 182A7FFE209031A7009B244B /* SQAPPSTARTUITests.xctest */;
			productType = "com.apple.product-type.bundle.ui-testing";
		};
/* End PBXNativeTarget section */

/* Begin PBXProject section */
		182A7FD3209031A6009B244B /* Project object */ = {
			isa = PBXProject;
			attributes = {
				LastUpgradeCheck = 0930;
				ORGANIZATIONNAME = apple;
				TargetAttributes = {
					182A7FDA209031A6009B244B = {
						CreatedOnToolsVersion = 9.3;
					};
					182A7FF2209031A7009B244B = {
						CreatedOnToolsVersion = 9.3;
						TestTargetID = 182A7FDA209031A6009B244B;
					};
					182A7FFD209031A7009B244B = {
						CreatedOnToolsVersion = 9.3;
						TestTargetID = 182A7FDA209031A6009B244B;
					};
				};
			};
			buildConfigurationList = 182A7FD6209031A6009B244B /* Build configuration list for PBXProject "SQAPPSTART" */;
			compatibilityVersion = "Xcode 9.3";
			developmentRegion = en;
			hasScannedForEncodings = 0;
			knownRegions = (
				en,
				Base,
			);
			mainGroup = 182A7FD2209031A6009B244B;
			productRefGroup = 182A7FDC209031A6009B244B /* Products */;
			projectDirPath = "";
			projectRoot = "";
			targets = (
				182A7FDA209031A6009B244B /* SQAPPSTART */,
				182A7FF2209031A7009B244B /* SQAPPSTARTTests */,
				182A7FFD209031A7009B244B /* SQAPPSTARTUITests */,
			);
		};
/* End PBXProject section */

/* Begin PBXResourcesBuildPhase section */
		182A7FD9209031A6009B244B /* Resources */ = {
			isa = PBXResourcesBuildPhase;
			buildActionMask = 2147483647;
			files = (
				E991869A22325211009650F7 /* ABDepthBidsData.json in Resources */,
				182A7FE8209031A7009B244B /* Assets.xcassets in Resources */,
				E99186A022325217009650F7 /* ABKLineData.json in Resources */,
				E991869722325211009650F7 /* ABDepthAsksData.json in Resources */,
				182A802420903719009B244B /* Default-568h@2x.png in Resources */,
			);
			runOnlyForDeploymentPostprocessing = 0;
		};
		182A7FF1209031A7009B244B /* Resources */ = {
			isa = PBXResourcesBuildPhase;
			buildActionMask = 2147483647;
			files = (
			);
			runOnlyForDeploymentPostprocessing = 0;
		};
		182A7FFC209031A7009B244B /* Resources */ = {
			isa = PBXResourcesBuildPhase;
			buildActionMask = 2147483647;
			files = (
			);
			runOnlyForDeploymentPostprocessing = 0;
		};
/* End PBXResourcesBuildPhase section */

/* Begin PBXShellScriptBuildPhase section */
		7331574F6152B4E5279C1CC1 /* [CP] Check Pods Manifest.lock */ = {
			isa = PBXShellScriptBuildPhase;
			buildActionMask = 2147483647;
			files = (
			);
			inputPaths = (
				"${PODS_PODFILE_DIR_PATH}/Podfile.lock",
				"${PODS_ROOT}/Manifest.lock",
			);
			name = "[CP] Check Pods Manifest.lock";
			outputPaths = (
				"$(DERIVED_FILE_DIR)/Pods-SQAPPSTART-checkManifestLockResult.txt",
			);
			runOnlyForDeploymentPostprocessing = 0;
			shellPath = /bin/sh;
			shellScript = "diff \"${PODS_PODFILE_DIR_PATH}/Podfile.lock\" \"${PODS_ROOT}/Manifest.lock\" > /dev/null\nif [ $? != 0 ] ; then\n    # print error to STDERR\n    echo \"error: The sandbox is not in sync with the Podfile.lock. Run 'pod install' or update your CocoaPods installation.\" >&2\n    exit 1\nfi\n# This output is used by Xcode 'outputs' to avoid re-running this script phase.\necho \"SUCCESS\" > \"${SCRIPT_OUTPUT_FILE_0}\"\n";
			showEnvVarsInLog = 0;
		};
		EBC89DEC8D2BA1893107DED8 /* [CP] Copy Pods Resources */ = {
			isa = PBXShellScriptBuildPhase;
			buildActionMask = 2147483647;
			files = (
			);
			inputPaths = (
				"${PODS_ROOT}/Target Support Files/Pods-SQAPPSTART/Pods-SQAPPSTART-resources.sh",
				"${PODS_CONFIGURATION_BUILD_DIR}/DXPopover/DXPopover.bundle",
				"${PODS_ROOT}/IQKeyboardManager/IQKeyboardManager/Resources/IQKeyboardManager.bundle",
				"${PODS_ROOT}/MJRefresh/MJRefresh/MJRefresh.bundle",
				"${PODS_ROOT}/SVProgressHUD/SVProgressHUD/SVProgressHUD.bundle",
				"${PODS_ROOT}/TZImagePickerController/TZImagePickerController/TZImagePickerController/TZImagePickerController.bundle",
			);
			name = "[CP] Copy Pods Resources";
			outputPaths = (
				"${TARGET_BUILD_DIR}/${UNLOCALIZED_RESOURCES_FOLDER_PATH}/DXPopover.bundle",
				"${TARGET_BUILD_DIR}/${UNLOCALIZED_RESOURCES_FOLDER_PATH}/IQKeyboardManager.bundle",
				"${TARGET_BUILD_DIR}/${UNLOCALIZED_RESOURCES_FOLDER_PATH}/MJRefresh.bundle",
				"${TARGET_BUILD_DIR}/${UNLOCALIZED_RESOURCES_FOLDER_PATH}/SVProgressHUD.bundle",
				"${TARGET_BUILD_DIR}/${UNLOCALIZED_RESOURCES_FOLDER_PATH}/TZImagePickerController.bundle",
			);
			runOnlyForDeploymentPostprocessing = 0;
			shellPath = /bin/sh;
			shellScript = "\"${PODS_ROOT}/Target Support Files/Pods-SQAPPSTART/Pods-SQAPPSTART-resources.sh\"\n";
			showEnvVarsInLog = 0;
		};
/* End PBXShellScriptBuildPhase section */

/* Begin PBXSourcesBuildPhase section */
		182A7FD7209031A6009B244B /* Sources */ = {
			isa = PBXSourcesBuildPhase;
			buildActionMask = 2147483647;
			files = (
				E991869822325211009650F7 /* ABKLineViewController.m in Sources */,
				182A803E20905957009B244B /* UINavigationController+FDFullscreenPopGesture.m in Sources */,
				182A805C20907804009B244B /* NSString+SQSubString.m in Sources */,
				E90BBDDE209C04F9006DCB7B /* SQBaseHeaderFooterView.m in Sources */,
				E99DE11B20AACE69009CEF88 /* SQHomeViewController.m in Sources */,
				E991868722324BB6009650F7 /* Y_AccessoryInfoView.m in Sources */,
				E9340E3A22363CC20065F37C /* ABKInfoWindowWhenPress.m in Sources */,
				E991867F22324BB6009650F7 /* NSString+Y_StockChart.m in Sources */,
				C6A8B5162236968000F5DC8B /* SQHomeDataSouceModel.m in Sources */,
				E991867C22324BB6009650F7 /* Y_BrokenLine.m in Sources */,
				E90BBDDB209C04C2006DCB7B /* SQBaseTableViewCell.m in Sources */,
				E991868A22324BB6009650F7 /* DepthLongPressView.m in Sources */,
				182A806220907916009B244B /* NSString+SQSizeOfString.m in Sources */,
				E991867522324BB6009650F7 /* UIColor+Y_StockChart.m in Sources */,
				182A80802090841A009B244B /* SQGetNowDate.m in Sources */,
				E991868022324BB6009650F7 /* Y_ChartView.m in Sources */,
				E991868E22324BB6009650F7 /* DepthView.m in Sources */,
				182A807420907F72009B244B /* UITabBar+SQExtension.m in Sources */,
				E991868222324BB6009650F7 /* Y_KLineModel.m in Sources */,
				E991867722324BB6009650F7 /* Y_BaseLine.m in Sources */,
				182A8036209052FB009B244B /* TAAnimatedDotView.m in Sources */,
				182A7FEE209031A7009B244B /* main.m in Sources */,
				E991868C22324BB6009650F7 /* DepthGroupModel.m in Sources */,
				182A8065209079B3009B244B /* NSString+SQCheckString.m in Sources */,
				E9340E4E22374B4A0065F37C /* SQLoginView.m in Sources */,
				E991868422324BB6009650F7 /* Y_KLineVolumePositionModel.m in Sources */,
				E991868922324BB6009650F7 /* DepthPriceView.m in Sources */,
				E99DE22420B58938009CEF88 /* SQBaseCollectionView.m in Sources */,
				182A8039209052FB009B244B /* SDCollectionViewCell.m in Sources */,
				E9340E48223749800065F37C /* SQLoginViewController.m in Sources */,
				E991868B22324BB6009650F7 /* DepthModel.m in Sources */,
				182A8035209052FB009B244B /* TAAbstractDotView.m in Sources */,
				E99DE11620AACAA8009CEF88 /* SQRootTabBarControl.m in Sources */,
				182A8086209087B8009B244B /* SQTimeDelay.m in Sources */,
				E90BBDE1209C0533006DCB7B /* SQBaseImageView.m in Sources */,
				E991868122324BB6009650F7 /* Y_KLinePositionModel.m in Sources */,
				E9340E5122374C850065F37C /* WKInputFiledLimitUtils.m in Sources */,
				E991869022324BB6009650F7 /* DepthAmountView.m in Sources */,
				E9340E43223745AA0065F37C /* UIView+SQFrame.m in Sources */,
				E99186A42232590F009650F7 /* Y_StockChartSegmentView.m in Sources */,
				182A807120907E84009B244B /* UILabel+SQExtension.m in Sources */,
				182A803B209052FB009B244B /* UIView+SDExtension.m in Sources */,
				182A806B20907BC0009B244B /* UIImageView+SQExtension_m.m in Sources */,
				E9340E3722362EAB0065F37C /* ABKLineViewModel.m in Sources */,
				E90BBDE7209C07D8006DCB7B /* SQRequest.m in Sources */,
				182A806820907A87009B244B /* UIImage+SQExtension.m in Sources */,
				E9340E4B22374A6E0065F37C /* SQLoginModel.m in Sources */,
				182A7FE0209031A6009B244B /* AppDelegate.m in Sources */,
				C6D441522233E41C00DC383C /* SQHomeTopInfosView.m in Sources */,
				E991867422324BB6009650F7 /* Y_StockChartGlobalVariable.m in Sources */,
				182A8083209084D0009B244B /* UITableView+SQAddHeadTip.m in Sources */,
				E991868522324BB6009650F7 /* Y_YAxisView.m in Sources */,
				182A806E20907D83009B244B /* UIView+SQExtension.m in Sources */,
				E991867B22324BB6009650F7 /* Y_KLine.m in Sources */,
				E991867622324BB6009650F7 /* Y_LayoutViewUtil.m in Sources */,
				182A80892090896B009B244B /* SQStartManager.m in Sources */,
				E90BBDE4209C05A2006DCB7B /* SQBaseTableView.m in Sources */,
				E991867922324BB6009650F7 /* Y_MALine.m in Sources */,
				E991869922325211009650F7 /* ABDataSourceManager.m in Sources */,
				C6D441552234147900DC383C /* SQHomeBottomDealView.m in Sources */,
				182A80592090775D009B244B /* NSString+SQUrlAnaly.m in Sources */,
				182A805320906F07009B244B /* UIColor+Extension.m in Sources */,
				E991868622324BB6009650F7 /* Y_AccessoryView.m in Sources */,
				E991868F22324BB6009650F7 /* DepthChartView.m in Sources */,
				182A8056209074DC009B244B /* SQBaseModel.m in Sources */,
				182A807D209082DE009B244B /* SQDataCache.m in Sources */,
				182A807A209081BA009B244B /* UIBarButtonItem+SQExtension.m in Sources */,
				182A8037209052FB009B244B /* TADotView.m in Sources */,
				E991868322324BB6009650F7 /* Y_KLineGroupModel.m in Sources */,
				182A804420905AC7009B244B /* SQBaseTableViewController.m in Sources */,
				E9340E3D2236433D0065F37C /* SQTransformTime.m in Sources */,
				182A804720905B2F009B244B /* SQBaseWebViewController.m in Sources */,
				E991867822324BB6009650F7 /* Y_Extreme.m in Sources */,
				E991868822324BB6009650F7 /* Y_KLineMainView.m in Sources */,
				E90BBDF1209C086D006DCB7B /* SQRootNavigationVC.m in Sources */,
				E9EB2BDD2230C1F300F7F152 /* NetWorking.m in Sources */,
				E991867E22324BB6009650F7 /* UIFont+Y_StockChart.m in Sources */,
				182A805020906B58009B244B /* SQIphonePx.m in Sources */,
				182A8038209052FB009B244B /* TAPageControl.m in Sources */,
				E99DE22320B58938009CEF88 /* SQBaseCollectionViewCell.m in Sources */,
				182A80772090801B009B244B /* UIButton+SQExtension.m in Sources */,
				182A804120905977009B244B /* SQBaseViewController.m in Sources */,
				E9340E402237409E0065F37C /* YGStartPageView.m in Sources */,
				182A803A209052FB009B244B /* SDCycleScrollView.m in Sources */,
				E991869F22325217009650F7 /* ABDepthViewController.m in Sources */,
				E991868D22324BB6009650F7 /* NSNumber+Y_ChartView.m in Sources */,
				E991867D22324BB6009650F7 /* Y_KLineAccessory.m in Sources */,
				E991867A22324BB6009650F7 /* Y_TimeLine.m in Sources */,
				182A805F2090785B009B244B /* NSString+SQTimeStamp.m in Sources */,
			);
			runOnlyForDeploymentPostprocessing = 0;
		};
		182A7FEF209031A7009B244B /* Sources */ = {
			isa = PBXSourcesBuildPhase;
			buildActionMask = 2147483647;
			files = (
				182A7FF8209031A7009B244B /* SQAPPSTARTTests.m in Sources */,
			);
			runOnlyForDeploymentPostprocessing = 0;
		};
		182A7FFA209031A7009B244B /* Sources */ = {
			isa = PBXSourcesBuildPhase;
			buildActionMask = 2147483647;
			files = (
				182A8003209031A7009B244B /* SQAPPSTARTUITests.m in Sources */,
			);
			runOnlyForDeploymentPostprocessing = 0;
		};
/* End PBXSourcesBuildPhase section */

/* Begin PBXTargetDependency section */
		182A7FF5209031A7009B244B /* PBXTargetDependency */ = {
			isa = PBXTargetDependency;
			target = 182A7FDA209031A6009B244B /* SQAPPSTART */;
			targetProxy = 182A7FF4209031A7009B244B /* PBXContainerItemProxy */;
		};
		182A8000209031A7009B244B /* PBXTargetDependency */ = {
			isa = PBXTargetDependency;
			target = 182A7FDA209031A6009B244B /* SQAPPSTART */;
			targetProxy = 182A7FFF209031A7009B244B /* PBXContainerItemProxy */;
		};
/* End PBXTargetDependency section */

/* Begin XCBuildConfiguration section */
		182A8005209031A7009B244B /* Debug */ = {
			isa = XCBuildConfiguration;
			buildSettings = {
				ALWAYS_SEARCH_USER_PATHS = NO;
				CLANG_ANALYZER_NONNULL = YES;
				CLANG_ANALYZER_NUMBER_OBJECT_CONVERSION = YES_AGGRESSIVE;
				CLANG_CXX_LANGUAGE_STANDARD = "gnu++14";
				CLANG_CXX_LIBRARY = "libc++";
				CLANG_ENABLE_MODULES = YES;
				CLANG_ENABLE_OBJC_ARC = YES;
				CLANG_ENABLE_OBJC_WEAK = YES;
				CLANG_WARN_BLOCK_CAPTURE_AUTORELEASING = YES;
				CLANG_WARN_BOOL_CONVERSION = YES;
				CLANG_WARN_COMMA = YES;
				CLANG_WARN_CONSTANT_CONVERSION = YES;
				CLANG_WARN_DEPRECATED_OBJC_IMPLEMENTATIONS = YES;
				CLANG_WARN_DIRECT_OBJC_ISA_USAGE = YES_ERROR;
				CLANG_WARN_DOCUMENTATION_COMMENTS = YES;
				CLANG_WARN_EMPTY_BODY = YES;
				CLANG_WARN_ENUM_CONVERSION = YES;
				CLANG_WARN_INFINITE_RECURSION = YES;
				CLANG_WARN_INT_CONVERSION = YES;
				CLANG_WARN_NON_LITERAL_NULL_CONVERSION = YES;
				CLANG_WARN_OBJC_IMPLICIT_RETAIN_SELF = YES;
				CLANG_WARN_OBJC_LITERAL_CONVERSION = YES;
				CLANG_WARN_OBJC_ROOT_CLASS = YES_ERROR;
				CLANG_WARN_RANGE_LOOP_ANALYSIS = YES;
				CLANG_WARN_STRICT_PROTOTYPES = YES;
				CLANG_WARN_SUSPICIOUS_MOVE = YES;
				CLANG_WARN_UNGUARDED_AVAILABILITY = YES_AGGRESSIVE;
				CLANG_WARN_UNREACHABLE_CODE = YES;
				CLANG_WARN__DUPLICATE_METHOD_MATCH = YES;
				CODE_SIGN_IDENTITY = "iPhone Developer";
				COPY_PHASE_STRIP = NO;
				DEBUG_INFORMATION_FORMAT = dwarf;
				ENABLE_STRICT_OBJC_MSGSEND = YES;
				ENABLE_TESTABILITY = YES;
				GCC_C_LANGUAGE_STANDARD = gnu11;
				GCC_DYNAMIC_NO_PIC = NO;
				GCC_NO_COMMON_BLOCKS = YES;
				GCC_OPTIMIZATION_LEVEL = 0;
				GCC_PREPROCESSOR_DEFINITIONS = (
					"DEBUG=1",
					"$(inherited)",
				);
				GCC_WARN_64_TO_32_BIT_CONVERSION = YES;
				GCC_WARN_ABOUT_RETURN_TYPE = YES_ERROR;
				GCC_WARN_UNDECLARED_SELECTOR = YES;
				GCC_WARN_UNINITIALIZED_AUTOS = YES_AGGRESSIVE;
				GCC_WARN_UNUSED_FUNCTION = YES;
				GCC_WARN_UNUSED_VARIABLE = YES;
				IPHONEOS_DEPLOYMENT_TARGET = 11.3;
				MTL_ENABLE_DEBUG_INFO = YES;
				ONLY_ACTIVE_ARCH = YES;
				SDKROOT = iphoneos;
			};
			name = Debug;
		};
		182A8006209031A7009B244B /* Release */ = {
			isa = XCBuildConfiguration;
			buildSettings = {
				ALWAYS_SEARCH_USER_PATHS = NO;
				CLANG_ANALYZER_NONNULL = YES;
				CLANG_ANALYZER_NUMBER_OBJECT_CONVERSION = YES_AGGRESSIVE;
				CLANG_CXX_LANGUAGE_STANDARD = "gnu++14";
				CLANG_CXX_LIBRARY = "libc++";
				CLANG_ENABLE_MODULES = YES;
				CLANG_ENABLE_OBJC_ARC = YES;
				CLANG_ENABLE_OBJC_WEAK = YES;
				CLANG_WARN_BLOCK_CAPTURE_AUTORELEASING = YES;
				CLANG_WARN_BOOL_CONVERSION = YES;
				CLANG_WARN_COMMA = YES;
				CLANG_WARN_CONSTANT_CONVERSION = YES;
				CLANG_WARN_DEPRECATED_OBJC_IMPLEMENTATIONS = YES;
				CLANG_WARN_DIRECT_OBJC_ISA_USAGE = YES_ERROR;
				CLANG_WARN_DOCUMENTATION_COMMENTS = YES;
				CLANG_WARN_EMPTY_BODY = YES;
				CLANG_WARN_ENUM_CONVERSION = YES;
				CLANG_WARN_INFINITE_RECURSION = YES;
				CLANG_WARN_INT_CONVERSION = YES;
				CLANG_WARN_NON_LITERAL_NULL_CONVERSION = YES;
				CLANG_WARN_OBJC_IMPLICIT_RETAIN_SELF = YES;
				CLANG_WARN_OBJC_LITERAL_CONVERSION = YES;
				CLANG_WARN_OBJC_ROOT_CLASS = YES_ERROR;
				CLANG_WARN_RANGE_LOOP_ANALYSIS = YES;
				CLANG_WARN_STRICT_PROTOTYPES = YES;
				CLANG_WARN_SUSPICIOUS_MOVE = YES;
				CLANG_WARN_UNGUARDED_AVAILABILITY = YES_AGGRESSIVE;
				CLANG_WARN_UNREACHABLE_CODE = YES;
				CLANG_WARN__DUPLICATE_METHOD_MATCH = YES;
				CODE_SIGN_IDENTITY = "iPhone Developer";
				COPY_PHASE_STRIP = NO;
				DEBUG_INFORMATION_FORMAT = "dwarf-with-dsym";
				ENABLE_NS_ASSERTIONS = NO;
				ENABLE_STRICT_OBJC_MSGSEND = YES;
				GCC_C_LANGUAGE_STANDARD = gnu11;
				GCC_NO_COMMON_BLOCKS = YES;
				GCC_WARN_64_TO_32_BIT_CONVERSION = YES;
				GCC_WARN_ABOUT_RETURN_TYPE = YES_ERROR;
				GCC_WARN_UNDECLARED_SELECTOR = YES;
				GCC_WARN_UNINITIALIZED_AUTOS = YES_AGGRESSIVE;
				GCC_WARN_UNUSED_FUNCTION = YES;
				GCC_WARN_UNUSED_VARIABLE = YES;
				IPHONEOS_DEPLOYMENT_TARGET = 11.3;
				MTL_ENABLE_DEBUG_INFO = NO;
				SDKROOT = iphoneos;
				VALIDATE_PRODUCT = YES;
			};
			name = Release;
		};
		182A8008209031A7009B244B /* Debug */ = {
			isa = XCBuildConfiguration;
			baseConfigurationReference = 7F81FF23EACCE665CD687ECC /* Pods-SQAPPSTART.debug.xcconfig */;
			buildSettings = {
				ASSETCATALOG_COMPILER_APPICON_NAME = AppIcon;
				ASSETCATALOG_COMPILER_LAUNCHIMAGE_NAME = LaunchImage;
				CLANG_WARN_OBJC_IMPLICIT_RETAIN_SELF = NO;
				CODE_SIGN_STYLE = Automatic;
				DEVELOPMENT_TEAM = 7Y6WF3G6RV;
				GCC_PREFIX_HEADER = SQAPPSTART/Utils/Macro/PrefixHeader.pch;
				INFOPLIST_FILE = SQAPPSTART/Other/Info.plist;
				LD_RUNPATH_SEARCH_PATHS = (
					"$(inherited)",
					"@executable_path/Frameworks",
				);
				PRODUCT_BUNDLE_IDENTIFIER = com.butry.SQAPPSTART;
				PRODUCT_NAME = "$(TARGET_NAME)";
				TARGETED_DEVICE_FAMILY = "1,2";
			};
			name = Debug;
		};
		182A8009209031A7009B244B /* Release */ = {
			isa = XCBuildConfiguration;
			baseConfigurationReference = D1EED8B745BDDA93AD30815D /* Pods-SQAPPSTART.release.xcconfig */;
			buildSettings = {
				ASSETCATALOG_COMPILER_APPICON_NAME = AppIcon;
				ASSETCATALOG_COMPILER_LAUNCHIMAGE_NAME = LaunchImage;
				CLANG_WARN_OBJC_IMPLICIT_RETAIN_SELF = NO;
				CODE_SIGN_STYLE = Automatic;
				DEVELOPMENT_TEAM = 7Y6WF3G6RV;
				GCC_PREFIX_HEADER = SQAPPSTART/Utils/Macro/PrefixHeader.pch;
				INFOPLIST_FILE = SQAPPSTART/Other/Info.plist;
				LD_RUNPATH_SEARCH_PATHS = (
					"$(inherited)",
					"@executable_path/Frameworks",
				);
				PRODUCT_BUNDLE_IDENTIFIER = com.butry.SQAPPSTART;
				PRODUCT_NAME = "$(TARGET_NAME)";
				TARGETED_DEVICE_FAMILY = "1,2";
			};
			name = Release;
		};
		182A800B209031A7009B244B /* Debug */ = {
			isa = XCBuildConfiguration;
			buildSettings = {
				BUNDLE_LOADER = "$(TEST_HOST)";
				CODE_SIGN_STYLE = Automatic;
				INFOPLIST_FILE = SQAPPSTARTTests/Info.plist;
				LD_RUNPATH_SEARCH_PATHS = (
					"$(inherited)",
					"@executable_path/Frameworks",
					"@loader_path/Frameworks",
				);
				PRODUCT_BUNDLE_IDENTIFIER = com.butry.SQAPPSTARTTests;
				PRODUCT_NAME = "$(TARGET_NAME)";
				TARGETED_DEVICE_FAMILY = "1,2";
				TEST_HOST = "$(BUILT_PRODUCTS_DIR)/SQAPPSTART.app/SQAPPSTART";
			};
			name = Debug;
		};
		182A800C209031A7009B244B /* Release */ = {
			isa = XCBuildConfiguration;
			buildSettings = {
				BUNDLE_LOADER = "$(TEST_HOST)";
				CODE_SIGN_STYLE = Automatic;
				INFOPLIST_FILE = SQAPPSTARTTests/Info.plist;
				LD_RUNPATH_SEARCH_PATHS = (
					"$(inherited)",
					"@executable_path/Frameworks",
					"@loader_path/Frameworks",
				);
				PRODUCT_BUNDLE_IDENTIFIER = com.butry.SQAPPSTARTTests;
				PRODUCT_NAME = "$(TARGET_NAME)";
				TARGETED_DEVICE_FAMILY = "1,2";
				TEST_HOST = "$(BUILT_PRODUCTS_DIR)/SQAPPSTART.app/SQAPPSTART";
			};
			name = Release;
		};
		182A800E209031A7009B244B /* Debug */ = {
			isa = XCBuildConfiguration;
			buildSettings = {
				CODE_SIGN_STYLE = Automatic;
				INFOPLIST_FILE = SQAPPSTARTUITests/Info.plist;
				LD_RUNPATH_SEARCH_PATHS = (
					"$(inherited)",
					"@executable_path/Frameworks",
					"@loader_path/Frameworks",
				);
				PRODUCT_BUNDLE_IDENTIFIER = com.butry.SQAPPSTARTUITests;
				PRODUCT_NAME = "$(TARGET_NAME)";
				TARGETED_DEVICE_FAMILY = "1,2";
				TEST_TARGET_NAME = SQAPPSTART;
			};
			name = Debug;
		};
		182A800F209031A7009B244B /* Release */ = {
			isa = XCBuildConfiguration;
			buildSettings = {
				CODE_SIGN_STYLE = Automatic;
				INFOPLIST_FILE = SQAPPSTARTUITests/Info.plist;
				LD_RUNPATH_SEARCH_PATHS = (
					"$(inherited)",
					"@executable_path/Frameworks",
					"@loader_path/Frameworks",
				);
				PRODUCT_BUNDLE_IDENTIFIER = com.butry.SQAPPSTARTUITests;
				PRODUCT_NAME = "$(TARGET_NAME)";
				TARGETED_DEVICE_FAMILY = "1,2";
				TEST_TARGET_NAME = SQAPPSTART;
			};
			name = Release;
		};
/* End XCBuildConfiguration section */

/* Begin XCConfigurationList section */
		182A7FD6209031A6009B244B /* Build configuration list for PBXProject "SQAPPSTART" */ = {
			isa = XCConfigurationList;
			buildConfigurations = (
				182A8005209031A7009B244B /* Debug */,
				182A8006209031A7009B244B /* Release */,
			);
			defaultConfigurationIsVisible = 0;
			defaultConfigurationName = Release;
		};
		182A8007209031A7009B244B /* Build configuration list for PBXNativeTarget "SQAPPSTART" */ = {
			isa = XCConfigurationList;
			buildConfigurations = (
				182A8008209031A7009B244B /* Debug */,
				182A8009209031A7009B244B /* Release */,
			);
			defaultConfigurationIsVisible = 0;
			defaultConfigurationName = Release;
		};
		182A800A209031A7009B244B /* Build configuration list for PBXNativeTarget "SQAPPSTARTTests" */ = {
			isa = XCConfigurationList;
			buildConfigurations = (
				182A800B209031A7009B244B /* Debug */,
				182A800C209031A7009B244B /* Release */,
			);
			defaultConfigurationIsVisible = 0;
			defaultConfigurationName = Release;
		};
		182A800D209031A7009B244B /* Build configuration list for PBXNativeTarget "SQAPPSTARTUITests" */ = {
			isa = XCConfigurationList;
			buildConfigurations = (
				182A800E209031A7009B244B /* Debug */,
				182A800F209031A7009B244B /* Release */,
			);
			defaultConfigurationIsVisible = 0;
			defaultConfigurationName = Release;
		};
/* End XCConfigurationList section */
	};
	rootObject = 182A7FD3209031A6009B244B /* Project object */;
}
